# THIS IS AN AUTOGENERATED FILE. DO NOT EDIT THIS FILE DIRECTLY.
# yarn lockfile v1


"@aws-cdk/assets@1.180.0":
  version "1.180.0"
  resolved "https://registry.yarnpkg.com/@aws-cdk/assets/-/assets-1.180.0.tgz#4bb6212a49016fa08900dc39f6336ffb743422ea"
  integrity sha512-+Imx6V64wlhLtTy0UMqRBa6sxG0CDCvNN37PyElFNBdr6p2kKS2aOBVNFTcERuJwOLmH+rk/dOhusRADu34Ebw==
  dependencies:
    "@aws-cdk/core" "1.180.0"
    "@aws-cdk/cx-api" "1.180.0"
    constructs "^3.3.69"

"@aws-cdk/aws-acmpca@1.180.0":
  version "1.180.0"
  resolved "https://registry.yarnpkg.com/@aws-cdk/aws-acmpca/-/aws-acmpca-1.180.0.tgz#2137ccf7924012a757db2484f2d4c45e3729ebc2"
  integrity sha512-Z7XNcItXtAlw6nqhZWIdgt9U2giPlXrYRceiJg+iz/raTgKwug3czFdBDNrW+yOYUzpAFbhPubSCQ3kTcGHb/A==
  dependencies:
    "@aws-cdk/core" "1.180.0"
    constructs "^3.3.69"

"@aws-cdk/aws-applicationautoscaling@1.180.0":
  version "1.180.0"
  resolved "https://registry.yarnpkg.com/@aws-cdk/aws-applicationautoscaling/-/aws-applicationautoscaling-1.180.0.tgz#34aa8511cf5a49aeb9980838364169e2634851e1"
  integrity sha512-2bqPS0iLdYR/HAA2YzJ+RK3GT50ZFuMR1oqgRQSJ83I7HQX31q3zDQMr1lINcU/Wfb5PVtERHGpokl7VzWd1Xw==
  dependencies:
    "@aws-cdk/aws-autoscaling-common" "1.180.0"
    "@aws-cdk/aws-cloudwatch" "1.180.0"
    "@aws-cdk/aws-iam" "1.180.0"
    "@aws-cdk/core" "1.180.0"
    constructs "^3.3.69"

"@aws-cdk/aws-autoscaling-common@1.180.0":
  version "1.180.0"
  resolved "https://registry.yarnpkg.com/@aws-cdk/aws-autoscaling-common/-/aws-autoscaling-common-1.180.0.tgz#a5b786a6b0b053305ac7c56baaeb48e446ce3543"
  integrity sha512-Cv9g/cLRXifP0IlULTrhwezflAbfDadY0GGg+qkuJsPN1u+IziEFTLBdHnKuNk2hSEg62KlKsqMhf9YBX7i9tQ==
  dependencies:
    "@aws-cdk/aws-iam" "1.180.0"
    "@aws-cdk/core" "1.180.0"
    constructs "^3.3.69"

"@aws-cdk/aws-autoscaling@1.180.0":
  version "1.180.0"
  resolved "https://registry.yarnpkg.com/@aws-cdk/aws-autoscaling/-/aws-autoscaling-1.180.0.tgz#1c6660e965f89a88f5ebac0f88d585846fcda105"
  integrity sha512-1C3mKOx4UBVL8LXPereLOVDWV19MWgei3dCKxmjXRy+ymSBVN+1iqM4KkJRXBa1pzGgICNByv7jNfQizoqD63A==
  dependencies:
    "@aws-cdk/aws-autoscaling-common" "1.180.0"
    "@aws-cdk/aws-cloudwatch" "1.180.0"
    "@aws-cdk/aws-ec2" "1.180.0"
    "@aws-cdk/aws-elasticloadbalancing" "1.180.0"
    "@aws-cdk/aws-elasticloadbalancingv2" "1.180.0"
    "@aws-cdk/aws-iam" "1.180.0"
    "@aws-cdk/aws-sns" "1.180.0"
    "@aws-cdk/core" "1.180.0"
    constructs "^3.3.69"

"@aws-cdk/aws-certificatemanager@1.180.0":
  version "1.180.0"
  resolved "https://registry.yarnpkg.com/@aws-cdk/aws-certificatemanager/-/aws-certificatemanager-1.180.0.tgz#aa0137202953b68ac4ecbaabcb523cd630731261"
  integrity sha512-0pF357EJRDdQfhiOM7kgbP3HTlqD/G7NNcRDxZLq6iQ4QfRVseMC1TVG05H3OUYJQiLwO0fggmpc/8NC0Y6+Ng==
  dependencies:
    "@aws-cdk/aws-acmpca" "1.180.0"
    "@aws-cdk/aws-cloudwatch" "1.180.0"
    "@aws-cdk/aws-iam" "1.180.0"
    "@aws-cdk/aws-lambda" "1.180.0"
    "@aws-cdk/aws-route53" "1.180.0"
    "@aws-cdk/core" "1.180.0"
    constructs "^3.3.69"

"@aws-cdk/aws-cloudformation@1.180.0":
  version "1.180.0"
  resolved "https://registry.yarnpkg.com/@aws-cdk/aws-cloudformation/-/aws-cloudformation-1.180.0.tgz#43b39972b514793777dbaabd87546ab6081664f6"
  integrity sha512-eDVV3YuJfL4LnFw1TMnDaG7GQHtCk+0lhELeStQkA61YVdOaowfp7JDXmMKRCh8tl5Evv2zgOF1vHJrtXcJvdQ==
  dependencies:
    "@aws-cdk/aws-iam" "1.180.0"
    "@aws-cdk/aws-lambda" "1.180.0"
    "@aws-cdk/aws-s3" "1.180.0"
    "@aws-cdk/aws-sns" "1.180.0"
    "@aws-cdk/core" "1.180.0"
    "@aws-cdk/cx-api" "1.180.0"
    constructs "^3.3.69"

"@aws-cdk/aws-cloudwatch@1.180.0":
  version "1.180.0"
  resolved "https://registry.yarnpkg.com/@aws-cdk/aws-cloudwatch/-/aws-cloudwatch-1.180.0.tgz#4b626cb879a575fd67ff8ea8d1c81a0d88eca30f"
  integrity sha512-HHynaKbynTC+8o24g5VJHBPfHS15q+aE8ajSahl+y1j1xuTV7TylEF9qfh1frvdg9qCIhZPfS9evC+j4zeJCug==
  dependencies:
    "@aws-cdk/aws-iam" "1.180.0"
    "@aws-cdk/core" "1.180.0"
    constructs "^3.3.69"

"@aws-cdk/aws-codeguruprofiler@1.180.0":
  version "1.180.0"
  resolved "https://registry.yarnpkg.com/@aws-cdk/aws-codeguruprofiler/-/aws-codeguruprofiler-1.180.0.tgz#8906b979f563a8557a5ec4544675d84daf887e85"
  integrity sha512-4AHc+mUxaQQZq+5PeXJnSe6VTNIKAQiSCySskcwBXG0fcgD3yarqB+UjGidSRwsfEC2iIZIE4Ot1DVBcUBrMsQ==
  dependencies:
    "@aws-cdk/aws-iam" "1.180.0"
    "@aws-cdk/core" "1.180.0"
    constructs "^3.3.69"

"@aws-cdk/aws-codestarnotifications@1.180.0":
  version "1.180.0"
  resolved "https://registry.yarnpkg.com/@aws-cdk/aws-codestarnotifications/-/aws-codestarnotifications-1.180.0.tgz#9e8f2490baa19b682da80e9d29b64df9e888802c"
  integrity sha512-muO3mFgo1KaqOAwJFQ8SUXkeJ/Eb/pqV287aFfIpJtl9IJ4C/dm+i3mrC8Q/XplwHQyd4RIVDFKMwzZwpWfeEA==
  dependencies:
    "@aws-cdk/core" "1.180.0"
    constructs "^3.3.69"

"@aws-cdk/aws-ec2@1.180.0", "@aws-cdk/aws-ec2@latest":
  version "1.180.0"
  resolved "https://registry.yarnpkg.com/@aws-cdk/aws-ec2/-/aws-ec2-1.180.0.tgz#4409f99530063537169e1d42f52c8804d1a3b1cd"
  integrity sha512-2rQ5jSg5rNMLwFb0x13F3WMlH7mZYxKuSSjEvFBOCxklsnWpoCtI7qGCzFewbXkHJTvRtqToj3OBUAkqn3zwxA==
  dependencies:
    "@aws-cdk/aws-cloudwatch" "1.180.0"
    "@aws-cdk/aws-iam" "1.180.0"
    "@aws-cdk/aws-kms" "1.180.0"
    "@aws-cdk/aws-logs" "1.180.0"
    "@aws-cdk/aws-s3" "1.180.0"
    "@aws-cdk/aws-s3-assets" "1.180.0"
    "@aws-cdk/aws-ssm" "1.180.0"
    "@aws-cdk/cloud-assembly-schema" "1.180.0"
    "@aws-cdk/core" "1.180.0"
    "@aws-cdk/cx-api" "1.180.0"
    "@aws-cdk/region-info" "1.180.0"
    constructs "^3.3.69"

"@aws-cdk/aws-ecr-assets@1.180.0":
  version "1.180.0"
  resolved "https://registry.yarnpkg.com/@aws-cdk/aws-ecr-assets/-/aws-ecr-assets-1.180.0.tgz#4240ebb7f3c616ab58303d2e57b05023e5ecb022"
  integrity sha512-63251b3kROeSgs5Q3okptFqy8Oth46zZha6+3UFx0Obii71a/WkmF1VZQ1xUn0WI3uiUYKx5Z7uES8VUfCArHw==
  dependencies:
    "@aws-cdk/assets" "1.180.0"
    "@aws-cdk/aws-ecr" "1.180.0"
    "@aws-cdk/aws-iam" "1.180.0"
    "@aws-cdk/aws-s3" "1.180.0"
    "@aws-cdk/core" "1.180.0"
    "@aws-cdk/cx-api" "1.180.0"
    constructs "^3.3.69"

"@aws-cdk/aws-ecr@1.180.0":
  version "1.180.0"
  resolved "https://registry.yarnpkg.com/@aws-cdk/aws-ecr/-/aws-ecr-1.180.0.tgz#e300f81c0cfb496a3b7d77197ff12c14662cc45a"
  integrity sha512-Q++LrEnEsJV9WS0IGHmjcAX5fU+LP8UQNwi+5tOniP+yn/HJm63j8amZQIECmTOEC0zB1sqoUP/KGWCq26Y0Kg==
  dependencies:
    "@aws-cdk/aws-events" "1.180.0"
    "@aws-cdk/aws-iam" "1.180.0"
    "@aws-cdk/aws-kms" "1.180.0"
    "@aws-cdk/core" "1.180.0"
    constructs "^3.3.69"

"@aws-cdk/aws-efs@1.180.0":
  version "1.180.0"
  resolved "https://registry.yarnpkg.com/@aws-cdk/aws-efs/-/aws-efs-1.180.0.tgz#e1ee4b823d705b9c44912bb376e55eb7c3eff6f4"
  integrity sha512-NWXXPYKZNxNf1cynR/oUAcZ4ujHYVge2xNv/z9mCA3xRiaHOG1ubzzCTJw+HCMIuVqim4BNhCMWbDyA0WcB0JA==
  dependencies:
    "@aws-cdk/aws-ec2" "1.180.0"
    "@aws-cdk/aws-iam" "1.180.0"
    "@aws-cdk/aws-kms" "1.180.0"
    "@aws-cdk/cloud-assembly-schema" "1.180.0"
    "@aws-cdk/core" "1.180.0"
    "@aws-cdk/cx-api" "1.180.0"
    constructs "^3.3.69"

"@aws-cdk/aws-eks@latest":
  version "1.180.0"
  resolved "https://registry.yarnpkg.com/@aws-cdk/aws-eks/-/aws-eks-1.180.0.tgz#60142e76200699911a3302a1bf8e4541911f448d"
  integrity sha512-BhsUcZHiS8UJDoY9dfoUmPe961D+RDlkfhDEioiJmmrAhMKVvFYotkBnbS/5obeeGOj0yVNtRs7yynTfsEO6Fg==
  dependencies:
    "@aws-cdk/aws-autoscaling" "1.180.0"
    "@aws-cdk/aws-ec2" "1.180.0"
    "@aws-cdk/aws-iam" "1.180.0"
    "@aws-cdk/aws-kms" "1.180.0"
    "@aws-cdk/aws-lambda" "1.180.0"
    "@aws-cdk/aws-s3-assets" "1.180.0"
    "@aws-cdk/aws-ssm" "1.180.0"
    "@aws-cdk/core" "1.180.0"
    "@aws-cdk/custom-resources" "1.180.0"
    "@aws-cdk/lambda-layer-awscli" "1.180.0"
    "@aws-cdk/lambda-layer-kubectl" "1.180.0"
    "@aws-cdk/lambda-layer-node-proxy-agent" "1.180.0"
    constructs "^3.3.69"
    yaml "1.10.2"

"@aws-cdk/aws-elasticloadbalancing@1.180.0":
  version "1.180.0"
  resolved "https://registry.yarnpkg.com/@aws-cdk/aws-elasticloadbalancing/-/aws-elasticloadbalancing-1.180.0.tgz#a7fd6ce02065c93f2b5d328e70d8d6f1190f73ee"
  integrity sha512-lTznylGfuKGREUnV5XVPGq4MCMdfccexaM9oCfCMc1oyZGadkVEqz0mWNmvJckIKn5Jq4HZIe/V7C7q/QFl2ZA==
  dependencies:
    "@aws-cdk/aws-ec2" "1.180.0"
    "@aws-cdk/core" "1.180.0"
    constructs "^3.3.69"

"@aws-cdk/aws-elasticloadbalancingv2@1.180.0":
  version "1.180.0"
  resolved "https://registry.yarnpkg.com/@aws-cdk/aws-elasticloadbalancingv2/-/aws-elasticloadbalancingv2-1.180.0.tgz#d8dd2b9d9c1e74617022b533cf665184dece3a5d"
  integrity sha512-PXk2LlttXirdZfqaB4ziE9gAdDHoN/VHyhv12+OBE3/jIBLtFu3y9ZzM56yEejoStPD/m53Yz7+MAU5j+9xVzQ==
  dependencies:
    "@aws-cdk/aws-certificatemanager" "1.180.0"
    "@aws-cdk/aws-cloudwatch" "1.180.0"
    "@aws-cdk/aws-ec2" "1.180.0"
    "@aws-cdk/aws-iam" "1.180.0"
    "@aws-cdk/aws-lambda" "1.180.0"
    "@aws-cdk/aws-route53" "1.180.0"
    "@aws-cdk/aws-s3" "1.180.0"
    "@aws-cdk/cloud-assembly-schema" "1.180.0"
    "@aws-cdk/core" "1.180.0"
    "@aws-cdk/cx-api" "1.180.0"
    "@aws-cdk/region-info" "1.180.0"
    constructs "^3.3.69"

"@aws-cdk/aws-events@1.180.0":
  version "1.180.0"
  resolved "https://registry.yarnpkg.com/@aws-cdk/aws-events/-/aws-events-1.180.0.tgz#5675e0004c7d1603d79a8265f23912df0af948d9"
  integrity sha512-EyJcGiicdSDVilDbVvK9THwEx1SoKp4a06kjj/koPEW0ZhvroOWpPTDLq4QuB2NhwTbPEGHxnDlZq7TN4b334Q==
  dependencies:
    "@aws-cdk/aws-iam" "1.180.0"
    "@aws-cdk/core" "1.180.0"
    constructs "^3.3.69"

"@aws-cdk/aws-iam@1.180.0", "@aws-cdk/aws-iam@latest":
  version "1.180.0"
  resolved "https://registry.yarnpkg.com/@aws-cdk/aws-iam/-/aws-iam-1.180.0.tgz#991ff2abed7e2275eb20a3ce34dadd8907db02c6"
  integrity sha512-Ts79wjO7GgHmsCJy78NfGB7sJuUNdTXHtY2jjERT7RGGY9+wuDX7APXoZCDgz7tou6nwkSZoeqfO9mjhcD+SYw==
  dependencies:
    "@aws-cdk/core" "1.180.0"
    "@aws-cdk/cx-api" "1.180.0"
    "@aws-cdk/region-info" "1.180.0"
    constructs "^3.3.69"

"@aws-cdk/aws-kms@1.180.0":
  version "1.180.0"
  resolved "https://registry.yarnpkg.com/@aws-cdk/aws-kms/-/aws-kms-1.180.0.tgz#53944b96ff346ef6f666e2079c79796c5d1ab1de"
  integrity sha512-9HSva0rH28xphHl9Bb5oqP525Ea24wq/yg6XMyibaQyhIBot7oEcoTfuH3LD6n0ipVztOVTYE+IM8+t/uEpt6A==
  dependencies:
    "@aws-cdk/aws-iam" "1.180.0"
    "@aws-cdk/cloud-assembly-schema" "1.180.0"
    "@aws-cdk/core" "1.180.0"
    "@aws-cdk/cx-api" "1.180.0"
    constructs "^3.3.69"

"@aws-cdk/aws-lambda@1.180.0":
  version "1.180.0"
  resolved "https://registry.yarnpkg.com/@aws-cdk/aws-lambda/-/aws-lambda-1.180.0.tgz#c517e7e199c7e5a2543e5f4202a69e47173bd730"
  integrity sha512-bp6jHTDXoHLFIfLCBah5sCLrXWCa/V4EiXYcHYt4Of/nBvE3z9igcujgFT2eR/cIdVxcSZN8VTmtw1crVpB7bA==
  dependencies:
    "@aws-cdk/aws-applicationautoscaling" "1.180.0"
    "@aws-cdk/aws-cloudwatch" "1.180.0"
    "@aws-cdk/aws-codeguruprofiler" "1.180.0"
    "@aws-cdk/aws-ec2" "1.180.0"
    "@aws-cdk/aws-ecr" "1.180.0"
    "@aws-cdk/aws-ecr-assets" "1.180.0"
    "@aws-cdk/aws-efs" "1.180.0"
    "@aws-cdk/aws-events" "1.180.0"
    "@aws-cdk/aws-iam" "1.180.0"
    "@aws-cdk/aws-kms" "1.180.0"
    "@aws-cdk/aws-logs" "1.180.0"
    "@aws-cdk/aws-s3" "1.180.0"
    "@aws-cdk/aws-s3-assets" "1.180.0"
    "@aws-cdk/aws-signer" "1.180.0"
    "@aws-cdk/aws-sns" "1.180.0"
    "@aws-cdk/aws-sqs" "1.180.0"
    "@aws-cdk/core" "1.180.0"
    "@aws-cdk/cx-api" "1.180.0"
    "@aws-cdk/region-info" "1.180.0"
    constructs "^3.3.69"

"@aws-cdk/aws-logs@1.180.0", "@aws-cdk/aws-logs@latest":
  version "1.180.0"
  resolved "https://registry.yarnpkg.com/@aws-cdk/aws-logs/-/aws-logs-1.180.0.tgz#6943b5a1349096f40885d923b2dc45ca76ffa26c"
  integrity sha512-+Fc/iFN1w9EiaOm8fKvYNoYVOlWPv8xVVbSrLWOOwrpzni+0VYfApp49nwi/vh/cocIsv8z4HZN+URl976K37w==
  dependencies:
    "@aws-cdk/aws-cloudwatch" "1.180.0"
    "@aws-cdk/aws-iam" "1.180.0"
    "@aws-cdk/aws-kms" "1.180.0"
    "@aws-cdk/aws-s3-assets" "1.180.0"
    "@aws-cdk/core" "1.180.0"
    "@aws-cdk/cx-api" "1.180.0"
    constructs "^3.3.69"

"@aws-cdk/aws-route53@1.180.0":
  version "1.180.0"
  resolved "https://registry.yarnpkg.com/@aws-cdk/aws-route53/-/aws-route53-1.180.0.tgz#787274ff5eb8ce03a8bb4ff63a1e5ac75bb9fd5d"
  integrity sha512-t/bqIrUMonOHNFN9Y2elHBlQUBBCDB63wb52PK7QlMKU/1yVVjSMlFEAYobC2JSLS5q+yaDRnGDLhtdpyoXdkQ==
  dependencies:
    "@aws-cdk/aws-ec2" "1.180.0"
    "@aws-cdk/aws-iam" "1.180.0"
    "@aws-cdk/aws-logs" "1.180.0"
    "@aws-cdk/cloud-assembly-schema" "1.180.0"
    "@aws-cdk/core" "1.180.0"
    "@aws-cdk/custom-resources" "1.180.0"
    constructs "^3.3.69"

"@aws-cdk/aws-s3-assets@1.180.0":
  version "1.180.0"
  resolved "https://registry.yarnpkg.com/@aws-cdk/aws-s3-assets/-/aws-s3-assets-1.180.0.tgz#072da4ea871db4931a5afbcdf6e54b571603a23f"
  integrity sha512-QW5wr59y20ofhnu5CuYy1L191Z28Ua1fhbUWEPQ9mttJen32dMDD4IGcD3/L8cL4Ifm4QRDi6dz6yTnxtahnow==
  dependencies:
    "@aws-cdk/assets" "1.180.0"
    "@aws-cdk/aws-iam" "1.180.0"
    "@aws-cdk/aws-kms" "1.180.0"
    "@aws-cdk/aws-s3" "1.180.0"
    "@aws-cdk/core" "1.180.0"
    "@aws-cdk/cx-api" "1.180.0"
    constructs "^3.3.69"

"@aws-cdk/aws-s3@1.180.0":
  version "1.180.0"
  resolved "https://registry.yarnpkg.com/@aws-cdk/aws-s3/-/aws-s3-1.180.0.tgz#21e1fa38dd584de2cc93faa593398eeeddf28236"
  integrity sha512-xoxRcuXCrxSZ3UH1yKkDpiabRJsIvJilToC0nvJGGE5bJPekoi2FRdxhp9PTsQBK7Fdsl0fxQHFht+MMi/Gs/g==
  dependencies:
    "@aws-cdk/aws-events" "1.180.0"
    "@aws-cdk/aws-iam" "1.180.0"
    "@aws-cdk/aws-kms" "1.180.0"
    "@aws-cdk/core" "1.180.0"
    "@aws-cdk/cx-api" "1.180.0"
    constructs "^3.3.69"

"@aws-cdk/aws-signer@1.180.0":
  version "1.180.0"
  resolved "https://registry.yarnpkg.com/@aws-cdk/aws-signer/-/aws-signer-1.180.0.tgz#87e0c2c1697984d43e9bbba823c8f2a335a99186"
  integrity sha512-VyCmqDq9Mpvt2xxSm9tD6WBPUsjffOSSI9EI6zKcjUO+W62LJtXE650SesktgIvyHZRYHuBsZlRKEcgJbQpvLA==
  dependencies:
    "@aws-cdk/core" "1.180.0"
    constructs "^3.3.69"

"@aws-cdk/aws-sns@1.180.0":
  version "1.180.0"
  resolved "https://registry.yarnpkg.com/@aws-cdk/aws-sns/-/aws-sns-1.180.0.tgz#34b24446608500b1685d5848671bd5c7382e0b0c"
  integrity sha512-OEb8jLUjtm1ZnrFIoVnB9EhYgIRB5hZn+ehcWRf7T3dMmoHKk0xwicSyQt7n6WqyEQpz59gu2jUdmc6VhHKlpQ==
  dependencies:
    "@aws-cdk/aws-cloudwatch" "1.180.0"
    "@aws-cdk/aws-codestarnotifications" "1.180.0"
    "@aws-cdk/aws-events" "1.180.0"
    "@aws-cdk/aws-iam" "1.180.0"
    "@aws-cdk/aws-kms" "1.180.0"
    "@aws-cdk/aws-sqs" "1.180.0"
    "@aws-cdk/core" "1.180.0"
    constructs "^3.3.69"

"@aws-cdk/aws-sqs@1.180.0":
  version "1.180.0"
  resolved "https://registry.yarnpkg.com/@aws-cdk/aws-sqs/-/aws-sqs-1.180.0.tgz#b7e7c323b58442c8882c90b8a9ec3f21c4679f1d"
  integrity sha512-MTBV100zVYSfIujmitdjscJ6wO1/gSj/uE50pl26OZsNwUS6ywd/g9QErBDROixDCmZforVS2wAiymrM/f/aYw==
  dependencies:
    "@aws-cdk/aws-cloudwatch" "1.180.0"
    "@aws-cdk/aws-iam" "1.180.0"
    "@aws-cdk/aws-kms" "1.180.0"
    "@aws-cdk/core" "1.180.0"
    constructs "^3.3.69"

"@aws-cdk/aws-ssm@1.180.0":
  version "1.180.0"
  resolved "https://registry.yarnpkg.com/@aws-cdk/aws-ssm/-/aws-ssm-1.180.0.tgz#23ea607f0eaf4a3bc1562e013bbef1680b25642d"
  integrity sha512-+SjkGGf4iZ9cT4gLzOrKo92EEVfUdOgCyBTdRhPfioqJOTaKZ6tpg+aI8tNKeGX+4ntaDKzwL/Mlr4LLAD0FJg==
  dependencies:
    "@aws-cdk/aws-iam" "1.180.0"
    "@aws-cdk/aws-kms" "1.180.0"
    "@aws-cdk/cloud-assembly-schema" "1.180.0"
    "@aws-cdk/core" "1.180.0"
    constructs "^3.3.69"

"@aws-cdk/cloud-assembly-schema@1.180.0":
  version "1.180.0"
  resolved "https://registry.yarnpkg.com/@aws-cdk/cloud-assembly-schema/-/cloud-assembly-schema-1.180.0.tgz#926ef42058e666c1262107ffb0f5c26c4a3d761d"
  integrity sha512-sOdMbXm+RzP5HZo8IwAn2K5sRxpWQNDE/4g3Mh60i6Vd9kDTj7IEXySkDvvFKrIGH6l5ogOVp55w6g7mZXm6Xg==
  dependencies:
    jsonschema "^1.4.1"
    semver "^7.3.8"

"@aws-cdk/core@1.180.0":
  version "1.180.0"
  resolved "https://registry.yarnpkg.com/@aws-cdk/core/-/core-1.180.0.tgz#6d01deaa8e37520a069a9eda549f7550fb1f51a3"
  integrity sha512-svUynGnnsCB7oyblGXmh0f0mJcOMmrzzkprSrUd1jnYXSrZN8Oe+Qo6FkTr1hTCXYk5RpPQmjyHgknPxSt8fmw==
  dependencies:
    "@aws-cdk/cloud-assembly-schema" "1.180.0"
    "@aws-cdk/cx-api" "1.180.0"
    "@aws-cdk/region-info" "1.180.0"
    "@balena/dockerignore" "^1.0.2"
    constructs "^3.3.69"
    fs-extra "^9.1.0"
    ignore "^5.2.0"
    minimatch "^3.1.2"

"@aws-cdk/custom-resources@1.180.0":
  version "1.180.0"
  resolved "https://registry.yarnpkg.com/@aws-cdk/custom-resources/-/custom-resources-1.180.0.tgz#28434a4ce1fef06f0bb83de766d89838560bf252"
  integrity sha512-EegN8E4HyKh0eo0seE0AGjB8EpdIPJrbxDo7yVSZNdq7XynlkhH9oPEfyixoK6vRqtZQ6I2xsFTBMMuqLr5Tnw==
  dependencies:
    "@aws-cdk/aws-cloudformation" "1.180.0"
    "@aws-cdk/aws-ec2" "1.180.0"
    "@aws-cdk/aws-iam" "1.180.0"
    "@aws-cdk/aws-lambda" "1.180.0"
    "@aws-cdk/aws-logs" "1.180.0"
    "@aws-cdk/aws-sns" "1.180.0"
    "@aws-cdk/core" "1.180.0"
    constructs "^3.3.69"

"@aws-cdk/cx-api@1.180.0":
  version "1.180.0"
  resolved "https://registry.yarnpkg.com/@aws-cdk/cx-api/-/cx-api-1.180.0.tgz#ec0c54c803fa94d46686d1a8f577ac1a39259a3d"
  integrity sha512-23648fy8VqHZhPhr5fb64s+OoGdzZ4c/Yclr2RxODdvKXyZMJKffuu2owQj9W3SyGABXp9Xdjgh6/RYtS2tgew==
  dependencies:
    "@aws-cdk/cloud-assembly-schema" "1.180.0"
    semver "^7.3.8"

"@aws-cdk/lambda-layer-awscli@1.180.0":
  version "1.180.0"
  resolved "https://registry.yarnpkg.com/@aws-cdk/lambda-layer-awscli/-/lambda-layer-awscli-1.180.0.tgz#c1691b12468bd10a153f70e6a81dba8c5d2fcb96"
  integrity sha512-spUjIlj5V3laNnbqkCUDuT836XyyPTSOtQJKHOPlzMRmgi5X+LmZ8TBqpTNRCcGvzxCR6Wc9Ebf4nAa6E+TPzA==
  dependencies:
    "@aws-cdk/aws-lambda" "1.180.0"
    "@aws-cdk/core" "1.180.0"
    constructs "^3.3.69"

"@aws-cdk/lambda-layer-kubectl@1.180.0":
  version "1.180.0"
  resolved "https://registry.yarnpkg.com/@aws-cdk/lambda-layer-kubectl/-/lambda-layer-kubectl-1.180.0.tgz#6450636aa529c7316d9311de524420d210eb79c2"
  integrity sha512-G42FMjHBLfjdEehXF9aMeWikV2gipaJUqhS3mCE9Gz/C9dU/m9KROdlRPMkdySuF7doH/uskb3oFhKVkLHQSig==
  dependencies:
    "@aws-cdk/aws-lambda" "1.180.0"
    "@aws-cdk/core" "1.180.0"
    constructs "^3.3.69"

"@aws-cdk/lambda-layer-node-proxy-agent@1.180.0":
  version "1.180.0"
  resolved "https://registry.yarnpkg.com/@aws-cdk/lambda-layer-node-proxy-agent/-/lambda-layer-node-proxy-agent-1.180.0.tgz#53c7f1ae24e09c3b8f7660d6bae51ce7f73729cb"
  integrity sha512-JYGPFPHpGuddi8mwU9pYc6sPecKnrcKJ3FYzqc7kv5ggTVvRS8+sqLedqc7rm2puiuOiFmFy3sleX4l1gmzlJw==
  dependencies:
    "@aws-cdk/aws-lambda" "1.180.0"
    "@aws-cdk/core" "1.180.0"
    constructs "^3.3.69"

"@aws-cdk/region-info@1.180.0":
  version "1.180.0"
  resolved "https://registry.yarnpkg.com/@aws-cdk/region-info/-/region-info-1.180.0.tgz#71f82785ba5de10616a49f8972495b7980af3c4b"
  integrity sha512-+VgHYlpZ34uJ1A6Lc8ELQtlh5JHzGKCkrjP9IgeQ8eqjOEfEuJ2gt6LIh8Y4auFkB2FTG2mxU4C04wIGCWorHg==

"@balena/dockerignore@^1.0.2":
  version "1.0.2"
  resolved "https://registry.yarnpkg.com/@balena/dockerignore/-/dockerignore-1.0.2.tgz#9ffe4726915251e8eb69f44ef3547e0da2c03e0d"
  integrity sha512-wMue2Sy4GAVTk6Ic4tJVcnfdau+gx2EnG7S+uAEe+TWJFqE4YoWN4/H8MSLj4eYJKxGg26lZwboEniNiNwZQ6Q==

at-least-node@^1.0.0:
  version "1.0.0"
  resolved "https://registry.yarnpkg.com/at-least-node/-/at-least-node-1.0.0.tgz#602cd4b46e844ad4effc92a8011a3c46e0238dc2"
  integrity sha512-+q/t7Ekv1EDY2l6Gda6LLiX14rU9TV20Wa3ofeQmwPFZbOMo9DXrLbOjFaaclkXKWidIaopwAObQDqwWtGUjqg==

aws-cdk@latest:
  version "2.50.0"
  resolved "https://registry.yarnpkg.com/aws-cdk/-/aws-cdk-2.50.0.tgz#6c6d723ba66b24245f58c363071ce20a17eabbed"
  integrity sha512-55vmKTf2DZRqioumVfXn+S0H9oAbpRK3HFHY8EjZ5ykR5tq2+XiMWEZkYduX2HJhVAeHJJIS6h+Okk3smZjeqw==
  optionalDependencies:
    fsevents "2.3.2"

balanced-match@^1.0.0:
  version "1.0.2"
  resolved "https://registry.yarnpkg.com/balanced-match/-/balanced-match-1.0.2.tgz#e83e3a7e3f300b34cb9d87f615fa0cbf357690ee"
  integrity sha512-3oSeUO0TMV67hN1AmbXsK4yaqU7tjiHlbxRDZOpH0KW9+CeX4bRAaX0Anxt0tx2MrpRpWwQaPwIlISEJhYU5Pw==

brace-expansion@^1.1.7:
  version "1.1.11"
  resolved "https://registry.yarnpkg.com/brace-expansion/-/brace-expansion-1.1.11.tgz#3c7fcbf529d87226f3d2f52b966ff5271eb441dd"
  integrity sha512-iCuPHDFgrHX7H2vEI/5xpz07zSHB00TpugqhmYtVmMO6518mCuRMoOYFldEBl0g187ufozdaHgWKcYFb61qGiA==
  dependencies:
    balanced-match "^1.0.0"
    concat-map "0.0.1"

concat-map@0.0.1:
  version "0.0.1"
  resolved "https://registry.yarnpkg.com/concat-map/-/concat-map-0.0.1.tgz#d8a96bd77fd68df7793a73036a3ba0d5405d477b"
  integrity sha512-/Srv4dswyQNBfohGpz9o6Yb3Gz3SrUDqBH5rTuhGR7ahtlbYKnVxw2bCFMRljaA7EXHaXZ8wsHdodFvbkhKmqg==

constructs@^3.3.69:
  version "3.3.156"
  resolved "https://registry.yarnpkg.com/constructs/-/constructs-3.3.156.tgz#9fc0a2e9806d3f4d3be18af03cd3c2cab3db97e8"
  integrity sha512-rlgYsGqXLi3tMSVz251MvzFjXXBCrGPy/8pIfjeh2fuBjPsvIx9I6AMNHnlhEVaEt7YRPHHuYKoVs1488ifAWA==

esbuild-android-arm64@0.13.8:
  version "0.13.8"
  resolved "https://registry.yarnpkg.com/esbuild-android-arm64/-/esbuild-android-arm64-0.13.8.tgz#c20e875c3c98164b1ffba9b28637bdf96f5e9e7c"
  integrity sha512-AilbChndywpk7CdKkNSZ9klxl+9MboLctXd9LwLo3b0dawmOF/i/t2U5d8LM6SbT1Xw36F8yngSUPrd8yPs2RA==

esbuild-darwin-64@0.13.8:
  version "0.13.8"
  resolved "https://registry.yarnpkg.com/esbuild-darwin-64/-/esbuild-darwin-64-0.13.8.tgz#f46e6b471ddbf62265234808a6a1aa91df18a417"
  integrity sha512-b6sdiT84zV5LVaoF+UoMVGJzR/iE2vNUfUDfFQGrm4LBwM/PWXweKpuu6RD9mcyCq18cLxkP6w/LD/w9DtX3ng==

esbuild-darwin-arm64@0.13.8:
  version "0.13.8"
  resolved "https://registry.yarnpkg.com/esbuild-darwin-arm64/-/esbuild-darwin-arm64-0.13.8.tgz#a991157a6013facd4f2e14159b7da52626c90154"
  integrity sha512-R8YuPiiJayuJJRUBG4H0VwkEKo6AvhJs2m7Tl0JaIer3u1FHHXwGhMxjJDmK+kXwTFPriSysPvcobXC/UrrZCQ==

esbuild-freebsd-64@0.13.8:
  version "0.13.8"
  resolved "https://registry.yarnpkg.com/esbuild-freebsd-64/-/esbuild-freebsd-64-0.13.8.tgz#301601d2e443ad458960e359b402a17d9500be9d"
  integrity sha512-zBn6urrn8FnKC+YSgDxdof9jhPCeU8kR/qaamlV4gI8R3KUaUK162WYM7UyFVAlj9N0MyD3AtB+hltzu4cysTw==

esbuild-freebsd-arm64@0.13.8:
  version "0.13.8"
  resolved "https://registry.yarnpkg.com/esbuild-freebsd-arm64/-/esbuild-freebsd-arm64-0.13.8.tgz#039a63acc12ec0892006c147ea221e55f9125a9f"
  integrity sha512-pWW2slN7lGlkx0MOEBoUGwRX5UgSCLq3dy2c8RIOpiHtA87xAUpDBvZK10MykbT+aMfXc0NI2lu1X+6kI34xng==

esbuild-linux-32@0.13.8:
  version "0.13.8"
  resolved "https://registry.yarnpkg.com/esbuild-linux-32/-/esbuild-linux-32-0.13.8.tgz#c537b67d7e694b60bfa2786581412838c6ba0284"
  integrity sha512-T0I0ueeKVO/Is0CAeSEOG9s2jeNNb8jrrMwG9QBIm3UU18MRB60ERgkS2uV3fZ1vP2F8i3Z2e3Zju4lg9dhVmw==

esbuild-linux-64@0.13.8:
  version "0.13.8"
  resolved "https://registry.yarnpkg.com/esbuild-linux-64/-/esbuild-linux-64-0.13.8.tgz#0092fc8a064001a777bfa0e3b425bb8be8f96e6a"
  integrity sha512-Bm8SYmFtvfDCIu9sjKppFXzRXn2BVpuCinU1ChTuMtdKI/7aPpXIrkqBNOgPTOQO9AylJJc1Zw6EvtKORhn64w==

esbuild-linux-arm64@0.13.8:
  version "0.13.8"
  resolved "https://registry.yarnpkg.com/esbuild-linux-arm64/-/esbuild-linux-arm64-0.13.8.tgz#5cd3f2bb924212971482e8dbc25c4afd09b28110"
  integrity sha512-X4pWZ+SL+FJ09chWFgRNO3F+YtvAQRcWh0uxKqZSWKiWodAB20flsW/OWFYLXBKiVCTeoGMvENZS/GeVac7+tQ==

esbuild-linux-arm@0.13.8:
  version "0.13.8"
  resolved "https://registry.yarnpkg.com/esbuild-linux-arm/-/esbuild-linux-arm-0.13.8.tgz#ad634f96bf2975536907aeb9fdb75a3194f4ddce"
  integrity sha512-4/HfcC40LJ4GPyboHA+db0jpFarTB628D1ifU+/5bunIgY+t6mHkJWyxWxAAE8wl/ZIuRYB9RJFdYpu1AXGPdg==

esbuild-linux-mips64le@0.13.8:
  version "0.13.8"
  resolved "https://registry.yarnpkg.com/esbuild-linux-mips64le/-/esbuild-linux-mips64le-0.13.8.tgz#57857edfebf9bf65766dc8be1637f2179c990572"
  integrity sha512-o7e0D+sqHKT31v+mwFircJFjwSKVd2nbkHEn4l9xQ1hLR+Bv8rnt3HqlblY3+sBdlrOTGSwz0ReROlKUMJyldA==

esbuild-linux-ppc64le@0.13.8:
  version "0.13.8"
  resolved "https://registry.yarnpkg.com/esbuild-linux-ppc64le/-/esbuild-linux-ppc64le-0.13.8.tgz#fdb82a059a5b86bb10fb42091b4ebcf488b9cd46"
  integrity sha512-eZSQ0ERsWkukJp2px/UWJHVNuy0lMoz/HZcRWAbB6reoaBw7S9vMzYNUnflfL3XA6WDs+dZn3ekHE4Y2uWLGig==

esbuild-netbsd-64@0.13.8:
  version "0.13.8"
  resolved "https://registry.yarnpkg.com/esbuild-netbsd-64/-/esbuild-netbsd-64-0.13.8.tgz#d7879e7123d3b2c04754ece8bd061aa6866deeff"
  integrity sha512-gZX4kP7gVvOrvX0ZwgHmbuHczQUwqYppxqtoyC7VNd80t5nBHOFXVhWo2Ad/Lms0E8b+wwgI/WjZFTCpUHOg9Q==

esbuild-openbsd-64@0.13.8:
  version "0.13.8"
  resolved "https://registry.yarnpkg.com/esbuild-openbsd-64/-/esbuild-openbsd-64-0.13.8.tgz#88b280b6cb0a3f6adb60abf27fc506c506a35cf0"
  integrity sha512-afzza308X4WmcebexbTzAgfEWt9MUkdTvwIa8xOu4CM2qGbl2LanqEl8/LUs8jh6Gqw6WsicEK52GPrS9wvkcw==

esbuild-sunos-64@0.13.8:
  version "0.13.8"
  resolved "https://registry.yarnpkg.com/esbuild-sunos-64/-/esbuild-sunos-64-0.13.8.tgz#229ae7c7703196a58acd0f0291ad9bebda815d63"
  integrity sha512-mWPZibmBbuMKD+LDN23LGcOZ2EawMYBONMXXHmbuxeT0XxCNwadbCVwUQ/2p5Dp5Kvf6mhrlIffcnWOiCBpiVw==

esbuild-windows-32@0.13.8:
  version "0.13.8"
  resolved "https://registry.yarnpkg.com/esbuild-windows-32/-/esbuild-windows-32-0.13.8.tgz#892d093e32a21c0c9135e5a0ffdc380aeb70e763"
  integrity sha512-QsZ1HnWIcnIEApETZWw8HlOhDSWqdZX2SylU7IzGxOYyVcX7QI06ety/aDcn437mwyO7Ph4RrbhB+2ntM8kX8A==

esbuild-windows-64@0.13.8:
  version "0.13.8"
  resolved "https://registry.yarnpkg.com/esbuild-windows-64/-/esbuild-windows-64-0.13.8.tgz#7defd8d79ae3bb7e6f53b65a7190be7daf901686"
  integrity sha512-76Fb57B9eE/JmJi1QmUW0tRLQZfGo0it+JeYoCDTSlbTn7LV44ecOHIMJSSgZADUtRMWT9z0Kz186bnaB3amSg==

esbuild-windows-arm64@0.13.8:
  version "0.13.8"
  resolved "https://registry.yarnpkg.com/esbuild-windows-arm64/-/esbuild-windows-arm64-0.13.8.tgz#e59ae004496fd8a5ab67bfc7945a2e47480d6fb9"
  integrity sha512-HW6Mtq5eTudllxY2YgT62MrVcn7oq2o8TAoAvDUhyiEmRmDY8tPwAhb1vxw5/cdkbukM3KdMYtksnUhF/ekWeg==

esbuild@^0.13.8:
  version "0.13.8"
  resolved "https://registry.yarnpkg.com/esbuild/-/esbuild-0.13.8.tgz#bd7cc51b881ab067789f88e17baca74724c1ec4f"
  integrity sha512-A4af7G7YZLfG5OnARJRMtlpEsCkq/zHZQXewgPA864l9D6VjjbH1SuFYK/OSV6BtHwDGkdwyRrX0qQFLnMfUcw==
  optionalDependencies:
    esbuild-android-arm64 "0.13.8"
    esbuild-darwin-64 "0.13.8"
    esbuild-darwin-arm64 "0.13.8"
    esbuild-freebsd-64 "0.13.8"
    esbuild-freebsd-arm64 "0.13.8"
    esbuild-linux-32 "0.13.8"
    esbuild-linux-64 "0.13.8"
    esbuild-linux-arm "0.13.8"
    esbuild-linux-arm64 "0.13.8"
    esbuild-linux-mips64le "0.13.8"
    esbuild-linux-ppc64le "0.13.8"
    esbuild-netbsd-64 "0.13.8"
    esbuild-openbsd-64 "0.13.8"
    esbuild-sunos-64 "0.13.8"
    esbuild-windows-32 "0.13.8"
    esbuild-windows-64 "0.13.8"
    esbuild-windows-arm64 "0.13.8"

fs-extra@^9.1.0:
  version "9.1.0"
  resolved "https://registry.yarnpkg.com/fs-extra/-/fs-extra-9.1.0.tgz#5954460c764a8da2094ba3554bf839e6b9a7c86d"
  integrity sha512-hcg3ZmepS30/7BSFqRvoo3DOMQu7IjqxO5nCDt+zM9XWjb33Wg7ziNT+Qvqbuc3+gWpzO02JubVyk2G4Zvo1OQ==
  dependencies:
    at-least-node "^1.0.0"
    graceful-fs "^4.2.0"
    jsonfile "^6.0.1"
    universalify "^2.0.0"

fs.realpath@^1.0.0:
  version "1.0.0"
  resolved "https://registry.yarnpkg.com/fs.realpath/-/fs.realpath-1.0.0.tgz#1504ad2523158caa40db4a2787cb01411994ea4f"
  integrity sha1-FQStJSMVjKpA20onh8sBQRmU6k8=

fsevents@2.3.2:
  version "2.3.2"
  resolved "https://registry.yarnpkg.com/fsevents/-/fsevents-2.3.2.tgz#8a526f78b8fdf4623b709e0b975c52c24c02fd1a"
  integrity sha512-xiqMQR4xAeHTuB9uWm+fFRcIOgKBMiOBP+eXiyT7jsgVCq1bkVygt00oASowB7EdtpOHaaPgKt812P9ab+DDKA==

glob@^7.1.3:
  version "7.2.0"
  resolved "https://registry.yarnpkg.com/glob/-/glob-7.2.0.tgz#d15535af7732e02e948f4c41628bd910293f6023"
  integrity sha512-lmLf6gtyrPq8tTjSmrO94wBeQbFR3HbLHbuyD69wuyQkImp2hWqMGB47OX65FBkPffO641IP9jWa1z4ivqG26Q==
  dependencies:
    fs.realpath "^1.0.0"
    inflight "^1.0.4"
    inherits "2"
    minimatch "^3.0.4"
    once "^1.3.0"
    path-is-absolute "^1.0.0"

graceful-fs@^4.1.6, graceful-fs@^4.2.0:
  version "4.2.8"
  resolved "https://registry.yarnpkg.com/graceful-fs/-/graceful-fs-4.2.8.tgz#e412b8d33f5e006593cbd3cee6df9f2cebbe802a"
  integrity sha512-qkIilPUYcNhJpd33n0GBXTB1MMPp14TxEsEs0pTrsSVucApsYzW5V+Q8Qxhik6KU3evy+qkAAowTByymK0avdg==

ignore@^5.2.0:
  version "5.2.0"
  resolved "https://registry.yarnpkg.com/ignore/-/ignore-5.2.0.tgz#6d3bac8fa7fe0d45d9f9be7bac2fc279577e345a"
  integrity sha512-CmxgYGiEPCLhfLnpPp1MoRmifwEIOgjcHXxOBjv7mY96c+eWScsOP9c112ZyLdWHi0FxHjI+4uVhKYp/gcdRmQ==

inflight@^1.0.4:
  version "1.0.6"
  resolved "https://registry.yarnpkg.com/inflight/-/inflight-1.0.6.tgz#49bd6331d7d02d0c09bc910a1075ba8165b56df9"
  integrity sha1-Sb1jMdfQLQwJvJEKEHW6gWW1bfk=
  dependencies:
    once "^1.3.0"
    wrappy "1"

inherits@2:
  version "2.0.4"
  resolved "https://registry.yarnpkg.com/inherits/-/inherits-2.0.4.tgz#0fa2c64f932917c3433a0ded55363aae37416b7c"
  integrity sha512-k/vGaX4/Yla3WzyMCvTQOXYeIHvqOKtnqBduzTHpzpQZzAskKMhZ2K+EnBiSM9zGSoIFeMpXKxa4dYeZIQqewQ==

jsonfile@^6.0.1:
  version "6.1.0"
  resolved "https://registry.yarnpkg.com/jsonfile/-/jsonfile-6.1.0.tgz#bc55b2634793c679ec6403094eb13698a6ec0aae"
  integrity sha512-5dgndWOriYSm5cnYaJNhalLNDKOqFwyDB/rr1E9ZsGciGvKPs8R2xYGCacuf3z6K1YKDz182fd+fY3cn3pMqXQ==
  dependencies:
    universalify "^2.0.0"
  optionalDependencies:
    graceful-fs "^4.1.6"

jsonschema@^1.4.1:
  version "1.4.1"
  resolved "https://registry.yarnpkg.com/jsonschema/-/jsonschema-1.4.1.tgz#cc4c3f0077fb4542982973d8a083b6b34f482dab"
  integrity sha512-S6cATIPVv1z0IlxdN+zUk5EPjkGCdnhN4wVSBlvoUO1tOLJootbo9CquNJmbIh4yikWHiUedhRYrNPn1arpEmQ==

lru-cache@^6.0.0:
  version "6.0.0"
  resolved "https://registry.yarnpkg.com/lru-cache/-/lru-cache-6.0.0.tgz#6d6fe6570ebd96aaf90fcad1dafa3b2566db3a94"
  integrity sha512-Jo6dJ04CmSjuznwJSS3pUeWmd/H0ffTlkXXgwZi+eq1UCmqQwCh+eLsYOYCwY991i2Fah4h1BEMCx4qThGbsiA==
  dependencies:
    yallist "^4.0.0"

minimatch@^3.0.4, minimatch@^3.1.2:
  version "3.1.2"
  resolved "https://registry.yarnpkg.com/minimatch/-/minimatch-3.1.2.tgz#19cd194bfd3e428f049a70817c038d89ab4be35b"
  integrity sha512-J7p63hRiAjw1NDEww1W7i37+ByIrOWO5XQQAzZ3VOcL0PNybwpfmV/N05zFAzwQ9USyEcX6t3UO+K5aqBQOIHw==
  dependencies:
    brace-expansion "^1.1.7"

once@^1.3.0:
  version "1.4.0"
  resolved "https://registry.yarnpkg.com/once/-/once-1.4.0.tgz#583b1aa775961d4b113ac17d9c50baef9dd76bd1"
  integrity sha1-WDsap3WWHUsROsF9nFC6753Xa9E=
  dependencies:
    wrappy "1"

path-is-absolute@^1.0.0:
  version "1.0.1"
  resolved "https://registry.yarnpkg.com/path-is-absolute/-/path-is-absolute-1.0.1.tgz#174b9268735534ffbc7ace6bf53a5a9e1b5c5f5f"
  integrity sha1-F0uSaHNVNP+8es5r9TpanhtcX18=

rimraf@^3.0.2:
  version "3.0.2"
  resolved "https://registry.yarnpkg.com/rimraf/-/rimraf-3.0.2.tgz#f1a5402ba6220ad52cc1282bac1ae3aa49fd061a"
  integrity sha512-JZkJMZkAGFFPP2YqXZXPbMlMBgsxzE8ILs4lMIX/2o0L9UBw9O/Y3o6wFw/i9YLapcUJWwqbi3kdxIPdC62TIA==
  dependencies:
    glob "^7.1.3"

semver@^7.3.8:
  version "7.3.8"
  resolved "https://registry.yarnpkg.com/semver/-/semver-7.3.8.tgz#07a78feafb3f7b32347d725e33de7e2a2df67798"
  integrity sha512-NB1ctGL5rlHrPJtFDVIVzTyQylMLu9N9VICA6HSFJo8MCGVTMW6gfpicwKmmK/dAjTOrqu5l63JJOpDSrAis3A==
  dependencies:
    lru-cache "^6.0.0"

typescript@~3.9.10:
  version "3.9.10"
  resolved "https://registry.yarnpkg.com/typescript/-/typescript-3.9.10.tgz#70f3910ac7a51ed6bef79da7800690b19bf778b8"
  integrity sha512-w6fIxVE/H1PkLKcCPsFqKE7Kv7QUwhU8qQY2MueZXWx5cPZdwFupLgKK3vntcK98BtNHZtAF4LA/yl2a7k8R6Q==

universalify@^2.0.0:
  version "2.0.0"
  resolved "https://registry.yarnpkg.com/universalify/-/universalify-2.0.0.tgz#75a4984efedc4b08975c5aeb73f530d02df25717"
  integrity sha512-hAZsKq7Yy11Zu1DE0OzWjw7nnLZmJZYTDZZyEFHZdUhV8FkH5MCfoU1XMaxXovpyW5nq5scPqq0ZDP9Zyl04oQ==

wrappy@1:
  version "1.0.2"
  resolved "https://registry.yarnpkg.com/wrappy/-/wrappy-1.0.2.tgz#b5243d8f3ec1aa35f1364605bc0d1036e30ab69f"
  integrity sha1-tSQ9jz7BqjXxNkYFvA0QNuMKtp8=

yallist@^4.0.0:
  version "4.0.0"
  resolved "https://registry.yarnpkg.com/yallist/-/yallist-4.0.0.tgz#9bb92790d9c0effec63be73519e11a35019a3a72"
  integrity sha512-3wdGidZyq5PB084XLES5TpOSRA3wjXAlIWMhum2kRcv/41Sn2emQ0dycQW4uZXLejwKvg6EsvbdlVL+FYEct7A==

yaml@1.10.2:
  version "1.10.2"
  resolved "https://registry.yarnpkg.com/yaml/-/yaml-1.10.2.tgz#2301c5ffbf12b467de8da2333a459e29e7920e4b"
  integrity sha512-r3vXyErRCYJ7wg28yvBY5VSoAF8ZvlcW9/BwUzEtUsjvX/DKs24dIkuwjtuprwJJHsbyUbLApepYTR1BN4uHrg==
