# THIS IS AN AUTOGENERATED FILE. DO NOT EDIT THIS FILE DIRECTLY.
# yarn lockfile v1


"@aws-cdk/assets@1.204.0":
  version "1.204.0"
  resolved "https://registry.yarnpkg.com/@aws-cdk/assets/-/assets-1.204.0.tgz#64226409328c5fb71f53a32e87a93fd9dcfcc751"
  integrity sha512-rY9YHZ3gUWr+dLwTwSUWYbIfk/AXy4JZRkhLbunrtzjQhH+QMm/2IWIebfBGu+A5AlVRaFbRLonReuGP5WZoUQ==
  dependencies:
    "@aws-cdk/core" "1.204.0"
    "@aws-cdk/cx-api" "1.204.0"
    constructs "^3.3.69"

"@aws-cdk/aws-acmpca@1.204.0":
  version "1.204.0"
  resolved "https://registry.yarnpkg.com/@aws-cdk/aws-acmpca/-/aws-acmpca-1.204.0.tgz#059fee6e2dc168fbca6e3cc63b11a784519cc966"
  integrity sha512-2zyuQZwynwkz2qiuFDp088tglWXKX3q7saWRDqeuq2n2HE6PGuQRjd4zjl9nDGUVxQYtzzXyEuPyaEta8fg9lQ==
  dependencies:
    "@aws-cdk/core" "1.204.0"
    constructs "^3.3.69"

"@aws-cdk/aws-applicationautoscaling@1.204.0":
  version "1.204.0"
  resolved "https://registry.yarnpkg.com/@aws-cdk/aws-applicationautoscaling/-/aws-applicationautoscaling-1.204.0.tgz#f4e2f4855aa5aeff61013872ec08a2bf6de6ac93"
  integrity sha512-sEe2NODKUowJx2guM2SPfs/20gGdBq1C09M32b8c1im7K+PqQkHkE156nyz5Ml0hpsNeCZlRS17oKZ042aZevQ==
  dependencies:
    "@aws-cdk/aws-autoscaling-common" "1.204.0"
    "@aws-cdk/aws-cloudwatch" "1.204.0"
    "@aws-cdk/aws-iam" "1.204.0"
    "@aws-cdk/core" "1.204.0"
    constructs "^3.3.69"

"@aws-cdk/aws-autoscaling-common@1.204.0":
  version "1.204.0"
  resolved "https://registry.yarnpkg.com/@aws-cdk/aws-autoscaling-common/-/aws-autoscaling-common-1.204.0.tgz#e4afa50082a0be4c645d742dd017095a0b9f01b4"
  integrity sha512-P+PwbTaj28Eg9+/U9ZTXTh1gA7L9Z45GL+9xcEZvEqAkJt9MNgzZICavVZu1sMD74foK1r1ZOBXTsqV6wEiltQ==
  dependencies:
    "@aws-cdk/aws-iam" "1.204.0"
    "@aws-cdk/core" "1.204.0"
    constructs "^3.3.69"

"@aws-cdk/aws-autoscaling@1.204.0":
  version "1.204.0"
  resolved "https://registry.yarnpkg.com/@aws-cdk/aws-autoscaling/-/aws-autoscaling-1.204.0.tgz#44a0693e69859cb110c32d0d3fe9ed19fbd42447"
  integrity sha512-LVQK84GR6U0RXfPbxZauWDCfcgBgH4bofOHx1sfr6yz7FTSYYkYM2tMJl81SmVc6ueSJzfhFtIcWhSpMBH9yig==
  dependencies:
    "@aws-cdk/aws-autoscaling-common" "1.204.0"
    "@aws-cdk/aws-cloudwatch" "1.204.0"
    "@aws-cdk/aws-ec2" "1.204.0"
    "@aws-cdk/aws-elasticloadbalancing" "1.204.0"
    "@aws-cdk/aws-elasticloadbalancingv2" "1.204.0"
    "@aws-cdk/aws-iam" "1.204.0"
    "@aws-cdk/aws-sns" "1.204.0"
    "@aws-cdk/core" "1.204.0"
    constructs "^3.3.69"

"@aws-cdk/aws-certificatemanager@1.204.0":
  version "1.204.0"
  resolved "https://registry.yarnpkg.com/@aws-cdk/aws-certificatemanager/-/aws-certificatemanager-1.204.0.tgz#66773cebe425538cd7c1396679f8455390aeef44"
  integrity sha512-ZLykfAOb5Zbg/MFtzA+eHhMAK1xL32+oHKSK6tAYrgvv2aS42wJE4zSBV6jGCjnCkhcliUd5pwnACEl3ib0KLw==
  dependencies:
    "@aws-cdk/aws-acmpca" "1.204.0"
    "@aws-cdk/aws-cloudwatch" "1.204.0"
    "@aws-cdk/aws-iam" "1.204.0"
    "@aws-cdk/aws-lambda" "1.204.0"
    "@aws-cdk/aws-route53" "1.204.0"
    "@aws-cdk/core" "1.204.0"
    constructs "^3.3.69"

"@aws-cdk/aws-cloudformation@1.204.0":
  version "1.204.0"
  resolved "https://registry.yarnpkg.com/@aws-cdk/aws-cloudformation/-/aws-cloudformation-1.204.0.tgz#7e5f7f1f79b3c209d6f46dd1a6f1f12662215493"
  integrity sha512-9PkZa9mKLneB0My8wJC7lLZmPJsnOxNYy57ZZlRCQhK0eO6Jc9eVqrI29537W+3ireaEjCLEitkb8NO1FN/kQA==
  dependencies:
    "@aws-cdk/aws-iam" "1.204.0"
    "@aws-cdk/aws-lambda" "1.204.0"
    "@aws-cdk/aws-s3" "1.204.0"
    "@aws-cdk/aws-sns" "1.204.0"
    "@aws-cdk/core" "1.204.0"
    "@aws-cdk/cx-api" "1.204.0"
    constructs "^3.3.69"

"@aws-cdk/aws-cloudwatch@1.204.0":
  version "1.204.0"
  resolved "https://registry.yarnpkg.com/@aws-cdk/aws-cloudwatch/-/aws-cloudwatch-1.204.0.tgz#ebbff80bb5daafeac29e87d0983ab0e81e743a6d"
  integrity sha512-ADT2D+4FtB9Zcy/TlF2tswQmjmrPVgORYTkznQQ2SniCODHWzz558+G1RV+IVvWRdH7nYQtV0UEuGZKpffWh2w==
  dependencies:
    "@aws-cdk/aws-iam" "1.204.0"
    "@aws-cdk/core" "1.204.0"
    constructs "^3.3.69"

"@aws-cdk/aws-codeguruprofiler@1.204.0":
  version "1.204.0"
  resolved "https://registry.yarnpkg.com/@aws-cdk/aws-codeguruprofiler/-/aws-codeguruprofiler-1.204.0.tgz#c9ea55075f5d179193db823d4800369698f16c7f"
  integrity sha512-IrgY4SmVf9p5POfHm8BsPzaAO5lQTG7nhb5qN5AzS6zKCTuEjjTNHjx1TOfPV12mMIDAIVsK91mjDlAR88Mjbg==
  dependencies:
    "@aws-cdk/aws-iam" "1.204.0"
    "@aws-cdk/core" "1.204.0"
    constructs "^3.3.69"

"@aws-cdk/aws-codestarnotifications@1.204.0":
  version "1.204.0"
  resolved "https://registry.yarnpkg.com/@aws-cdk/aws-codestarnotifications/-/aws-codestarnotifications-1.204.0.tgz#4f67f4d6ee6d2dd25cf55422d28e42a400b0f7c3"
  integrity sha512-t//hSpC5/uVW2321YlbGabNVzhWayvqz+xSnagADGcT9qiq3KQR/uUlrgpHv1/eHRMk7EMrY9prlXeZpfzZ+cw==
  dependencies:
    "@aws-cdk/core" "1.204.0"
    constructs "^3.3.69"

"@aws-cdk/aws-ec2@1.204.0", "@aws-cdk/aws-ec2@latest":
  version "1.204.0"
  resolved "https://registry.yarnpkg.com/@aws-cdk/aws-ec2/-/aws-ec2-1.204.0.tgz#5cbbed9e34b4333f345b2a332d19c7e8849dd34d"
  integrity sha512-SoqZEgzdfPW0aa+FQ0CjzbDG+X+sDu6/BnLL2O10lxpa+9Dc1iyArAqNKFJG5KXGJe9ibvQXyNQqEjeGRFc22Q==
  dependencies:
    "@aws-cdk/aws-cloudwatch" "1.204.0"
    "@aws-cdk/aws-iam" "1.204.0"
    "@aws-cdk/aws-kms" "1.204.0"
    "@aws-cdk/aws-logs" "1.204.0"
    "@aws-cdk/aws-s3" "1.204.0"
    "@aws-cdk/aws-s3-assets" "1.204.0"
    "@aws-cdk/aws-ssm" "1.204.0"
    "@aws-cdk/cloud-assembly-schema" "1.204.0"
    "@aws-cdk/core" "1.204.0"
    "@aws-cdk/cx-api" "1.204.0"
    "@aws-cdk/region-info" "1.204.0"
    constructs "^3.3.69"

"@aws-cdk/aws-ecr-assets@1.204.0":
  version "1.204.0"
  resolved "https://registry.yarnpkg.com/@aws-cdk/aws-ecr-assets/-/aws-ecr-assets-1.204.0.tgz#c4dd58d08af1e4a37f0b8c41517d600377efa013"
  integrity sha512-2GHD3pZdDoPxq3HhD4czANuI7TMoxpjszbzsQAc2wbdMX1j+K4vIL+PBpj3altfscPqcvy1v70lBjbG5rcBIkQ==
  dependencies:
    "@aws-cdk/assets" "1.204.0"
    "@aws-cdk/aws-ecr" "1.204.0"
    "@aws-cdk/aws-iam" "1.204.0"
    "@aws-cdk/aws-s3" "1.204.0"
    "@aws-cdk/core" "1.204.0"
    "@aws-cdk/cx-api" "1.204.0"
    constructs "^3.3.69"

"@aws-cdk/aws-ecr@1.204.0":
  version "1.204.0"
  resolved "https://registry.yarnpkg.com/@aws-cdk/aws-ecr/-/aws-ecr-1.204.0.tgz#26b3e0027f00025e525af01a359916d0952d62b4"
  integrity sha512-oCts9e+ackWoFHeyn/3oKm3X1lSizleWNNXHp5WGM38lpNVrtCLMKSShu5iXJBhqRH2Mz1AcA4fDMWhe8DvJFA==
  dependencies:
    "@aws-cdk/aws-events" "1.204.0"
    "@aws-cdk/aws-iam" "1.204.0"
    "@aws-cdk/aws-kms" "1.204.0"
    "@aws-cdk/core" "1.204.0"
    constructs "^3.3.69"

"@aws-cdk/aws-efs@1.204.0":
  version "1.204.0"
  resolved "https://registry.yarnpkg.com/@aws-cdk/aws-efs/-/aws-efs-1.204.0.tgz#3fa08ec0aef1f8123f43da8317c38def45f45727"
  integrity sha512-FB6nHgCuzYF5K9ywqYPEPjL2G1ATLIR9dJp1p4ydcEUuXDb4KSEVN4Bgx+q1e7EkWGIq+9glr+ckheEcTvETgw==
  dependencies:
    "@aws-cdk/aws-ec2" "1.204.0"
    "@aws-cdk/aws-iam" "1.204.0"
    "@aws-cdk/aws-kms" "1.204.0"
    "@aws-cdk/cloud-assembly-schema" "1.204.0"
    "@aws-cdk/core" "1.204.0"
    "@aws-cdk/cx-api" "1.204.0"
    constructs "^3.3.69"

"@aws-cdk/aws-eks@latest":
  version "1.204.0"
  resolved "https://registry.yarnpkg.com/@aws-cdk/aws-eks/-/aws-eks-1.204.0.tgz#6beeb72b0e450e99988e2b32c9e7f61d559952cb"
  integrity sha512-3FfmuK+8Ou5u8oe78yO1sf3iPiqxuD1xchHZEA3AO5jG46OhlLp2U+jZAS8MsOXMnaqxFQpuR9AfWFXtaY4/vA==
  dependencies:
    "@aws-cdk/aws-autoscaling" "1.204.0"
    "@aws-cdk/aws-ec2" "1.204.0"
    "@aws-cdk/aws-iam" "1.204.0"
    "@aws-cdk/aws-kms" "1.204.0"
    "@aws-cdk/aws-lambda" "1.204.0"
    "@aws-cdk/aws-s3-assets" "1.204.0"
    "@aws-cdk/aws-ssm" "1.204.0"
    "@aws-cdk/core" "1.204.0"
    "@aws-cdk/custom-resources" "1.204.0"
    "@aws-cdk/lambda-layer-awscli" "1.204.0"
    "@aws-cdk/lambda-layer-kubectl" "1.204.0"
    "@aws-cdk/lambda-layer-node-proxy-agent" "1.204.0"
    constructs "^3.3.69"
    yaml "1.10.2"

"@aws-cdk/aws-elasticloadbalancing@1.204.0":
  version "1.204.0"
  resolved "https://registry.yarnpkg.com/@aws-cdk/aws-elasticloadbalancing/-/aws-elasticloadbalancing-1.204.0.tgz#a14bf6f40562febe14c468c95117554edb33c40b"
  integrity sha512-DhC6hrWqi6EaRLcDBAVrE+/iGa+WUUtLla4oqkLVj/C76VcM1CkCyH/9IX8O1CK0NswtC6AxOF3+z4uroTUWDg==
  dependencies:
    "@aws-cdk/aws-ec2" "1.204.0"
    "@aws-cdk/core" "1.204.0"
    constructs "^3.3.69"

"@aws-cdk/aws-elasticloadbalancingv2@1.204.0":
  version "1.204.0"
  resolved "https://registry.yarnpkg.com/@aws-cdk/aws-elasticloadbalancingv2/-/aws-elasticloadbalancingv2-1.204.0.tgz#c79ca0e176f8bcffb39195baa4a30fe1a11a3b15"
  integrity sha512-/43kzUTU3w9jimPuD5QZxoBN74+9QnOdhAcqIMVCFLPMkVLAxx3vg5g5MWWG+3j6rUoSecrtrP1AP7thZuo5wA==
  dependencies:
    "@aws-cdk/aws-certificatemanager" "1.204.0"
    "@aws-cdk/aws-cloudwatch" "1.204.0"
    "@aws-cdk/aws-ec2" "1.204.0"
    "@aws-cdk/aws-iam" "1.204.0"
    "@aws-cdk/aws-lambda" "1.204.0"
    "@aws-cdk/aws-route53" "1.204.0"
    "@aws-cdk/aws-s3" "1.204.0"
    "@aws-cdk/cloud-assembly-schema" "1.204.0"
    "@aws-cdk/core" "1.204.0"
    "@aws-cdk/cx-api" "1.204.0"
    "@aws-cdk/region-info" "1.204.0"
    constructs "^3.3.69"

"@aws-cdk/aws-events@1.204.0":
  version "1.204.0"
  resolved "https://registry.yarnpkg.com/@aws-cdk/aws-events/-/aws-events-1.204.0.tgz#4f51f9cb0d9194926e5ea8847ff1edcfd628c675"
  integrity sha512-KnfUmtv+4RhydD9+5CHFxNJxtgn7+Xftwfwg1G7qV/tWYPFHcNIvhlSOgwDrQPa+pTo1MmkiUN0lAR0G8B/cbw==
  dependencies:
    "@aws-cdk/aws-iam" "1.204.0"
    "@aws-cdk/core" "1.204.0"
    constructs "^3.3.69"

"@aws-cdk/aws-iam@1.204.0", "@aws-cdk/aws-iam@latest":
  version "1.204.0"
  resolved "https://registry.yarnpkg.com/@aws-cdk/aws-iam/-/aws-iam-1.204.0.tgz#badff9e72fb8321e868ec9e01d1c87e9e1c8fc13"
  integrity sha512-Fh2egW3v/uDdw3m4jvcupS7COL/+sJl2NHjz9l298ddyMxqDwJD2NQwE8mvgPLK4rDtAtDnE0c8RS6d+NWiC+w==
  dependencies:
    "@aws-cdk/core" "1.204.0"
    "@aws-cdk/cx-api" "1.204.0"
    "@aws-cdk/region-info" "1.204.0"
    constructs "^3.3.69"

"@aws-cdk/aws-kms@1.204.0":
  version "1.204.0"
  resolved "https://registry.yarnpkg.com/@aws-cdk/aws-kms/-/aws-kms-1.204.0.tgz#fedde4b7e62b7277e346271634ee278618695b1f"
  integrity sha512-iryZQ428L1VUVQ0zE96XTWWX7ANVtDrb6x+ZXXLTVUEPgjEd/W6zlcp++Qi0A3a9HLNd4PbEhK9rs0UKNTylzw==
  dependencies:
    "@aws-cdk/aws-iam" "1.204.0"
    "@aws-cdk/cloud-assembly-schema" "1.204.0"
    "@aws-cdk/core" "1.204.0"
    "@aws-cdk/cx-api" "1.204.0"
    constructs "^3.3.69"

"@aws-cdk/aws-lambda@1.204.0":
  version "1.204.0"
  resolved "https://registry.yarnpkg.com/@aws-cdk/aws-lambda/-/aws-lambda-1.204.0.tgz#2b5a7f6a75ddb82a6960fae2ab0ea6041d4250d8"
  integrity sha512-r0XXovrLAx8Q8Fz915SwzyQM/KLhEB6YCp3CsWliFGSOHEjRP8yX8UZdEJqe5kYD7Th9JAhUVzKgyv20P7g5Tg==
  dependencies:
    "@aws-cdk/aws-applicationautoscaling" "1.204.0"
    "@aws-cdk/aws-cloudwatch" "1.204.0"
    "@aws-cdk/aws-codeguruprofiler" "1.204.0"
    "@aws-cdk/aws-ec2" "1.204.0"
    "@aws-cdk/aws-ecr" "1.204.0"
    "@aws-cdk/aws-ecr-assets" "1.204.0"
    "@aws-cdk/aws-efs" "1.204.0"
    "@aws-cdk/aws-events" "1.204.0"
    "@aws-cdk/aws-iam" "1.204.0"
    "@aws-cdk/aws-kms" "1.204.0"
    "@aws-cdk/aws-logs" "1.204.0"
    "@aws-cdk/aws-s3" "1.204.0"
    "@aws-cdk/aws-s3-assets" "1.204.0"
    "@aws-cdk/aws-signer" "1.204.0"
    "@aws-cdk/aws-sns" "1.204.0"
    "@aws-cdk/aws-sqs" "1.204.0"
    "@aws-cdk/core" "1.204.0"
    "@aws-cdk/cx-api" "1.204.0"
    "@aws-cdk/region-info" "1.204.0"
    constructs "^3.3.69"

"@aws-cdk/aws-logs@1.204.0", "@aws-cdk/aws-logs@latest":
  version "1.204.0"
  resolved "https://registry.yarnpkg.com/@aws-cdk/aws-logs/-/aws-logs-1.204.0.tgz#df5e1f034045eb21da4107c5c45f51ebc2d7f33e"
  integrity sha512-PuHsDSkX6JFBgldxViGw91eFLageJ2cX89/RyLbWaJJUV4tlUKXSmmkVgOaBmvil0QKuGqbOzLXcXCoIK9Sg3A==
  dependencies:
    "@aws-cdk/aws-cloudwatch" "1.204.0"
    "@aws-cdk/aws-iam" "1.204.0"
    "@aws-cdk/aws-kms" "1.204.0"
    "@aws-cdk/aws-s3-assets" "1.204.0"
    "@aws-cdk/core" "1.204.0"
    "@aws-cdk/cx-api" "1.204.0"
    constructs "^3.3.69"

"@aws-cdk/aws-route53@1.204.0":
  version "1.204.0"
  resolved "https://registry.yarnpkg.com/@aws-cdk/aws-route53/-/aws-route53-1.204.0.tgz#bd25387cb8d9c013eb19db3df3b39f976d20fd03"
  integrity sha512-wQpGUXqc2y7yJFTipfuVxWy/VGeshyGlfGl4evusQK9Md0DMpVmG8kRgazLk1myqUSNSfi643UwvDJqNbYmdnA==
  dependencies:
    "@aws-cdk/aws-ec2" "1.204.0"
    "@aws-cdk/aws-iam" "1.204.0"
    "@aws-cdk/aws-logs" "1.204.0"
    "@aws-cdk/cloud-assembly-schema" "1.204.0"
    "@aws-cdk/core" "1.204.0"
    "@aws-cdk/custom-resources" "1.204.0"
    constructs "^3.3.69"

"@aws-cdk/aws-s3-assets@1.204.0":
  version "1.204.0"
  resolved "https://registry.yarnpkg.com/@aws-cdk/aws-s3-assets/-/aws-s3-assets-1.204.0.tgz#3b9f94681b9410bb4ad05833c657544b831966eb"
  integrity sha512-3MQbVZ95wW29Bl63tqu0Bz0td3osLyGg352l5G7Ztf3nK35FpuQlgxO4kcu74+s2sRwdd/R4KFV6eWhhPk+J7g==
  dependencies:
    "@aws-cdk/assets" "1.204.0"
    "@aws-cdk/aws-iam" "1.204.0"
    "@aws-cdk/aws-kms" "1.204.0"
    "@aws-cdk/aws-s3" "1.204.0"
    "@aws-cdk/core" "1.204.0"
    "@aws-cdk/cx-api" "1.204.0"
    constructs "^3.3.69"

"@aws-cdk/aws-s3@1.204.0":
  version "1.204.0"
  resolved "https://registry.yarnpkg.com/@aws-cdk/aws-s3/-/aws-s3-1.204.0.tgz#230dfe845ddc515f9700193db961a06ab62b36f7"
  integrity sha512-jsQ4n1L4MdPYDirBoOYgg7yzSk1TaFYo4dnwDlKiLJ5LcHG3Nai1cHb9XQbCy/9KKqbWsbd3WlkH+vcWEl8EUA==
  dependencies:
    "@aws-cdk/aws-events" "1.204.0"
    "@aws-cdk/aws-iam" "1.204.0"
    "@aws-cdk/aws-kms" "1.204.0"
    "@aws-cdk/core" "1.204.0"
    "@aws-cdk/cx-api" "1.204.0"
    constructs "^3.3.69"

"@aws-cdk/aws-signer@1.204.0":
  version "1.204.0"
  resolved "https://registry.yarnpkg.com/@aws-cdk/aws-signer/-/aws-signer-1.204.0.tgz#2a8b0c78007f8c78009b065c39020bce3d001f72"
  integrity sha512-AI26FhWF3+f/vDh3mleQa2CXv2/CmSerXgyk4XHMVVTTCjnlYGGmHmGlzYhqOSw6ALpQNdOSw8GVxU/ySpQCaw==
  dependencies:
    "@aws-cdk/core" "1.204.0"
    constructs "^3.3.69"

"@aws-cdk/aws-sns@1.204.0":
  version "1.204.0"
  resolved "https://registry.yarnpkg.com/@aws-cdk/aws-sns/-/aws-sns-1.204.0.tgz#6519eaed4bb3aa2deb3171186ce0b1ccb0105d08"
  integrity sha512-KoWxqKT/dTjt9Pk0a3kJLcd6xZHvrwbZDC0mrLtxdRNhQoHmnURAHW2UqX/lefrCU1GcUFf4L58N9ehBTunAFQ==
  dependencies:
    "@aws-cdk/aws-cloudwatch" "1.204.0"
    "@aws-cdk/aws-codestarnotifications" "1.204.0"
    "@aws-cdk/aws-events" "1.204.0"
    "@aws-cdk/aws-iam" "1.204.0"
    "@aws-cdk/aws-kms" "1.204.0"
    "@aws-cdk/aws-sqs" "1.204.0"
    "@aws-cdk/core" "1.204.0"
    constructs "^3.3.69"

"@aws-cdk/aws-sqs@1.204.0":
  version "1.204.0"
  resolved "https://registry.yarnpkg.com/@aws-cdk/aws-sqs/-/aws-sqs-1.204.0.tgz#0a997bdc427a4da346d8e16542be8fa7bc4929b6"
  integrity sha512-dVzuGMh6d5/X9P9jel1w2Wgdy5MuSE35+eBSFxN+S7oJRoVSARpyKMNYAPMCW+2OJCDw7fIqO1rWbsZBT1Gq8g==
  dependencies:
    "@aws-cdk/aws-cloudwatch" "1.204.0"
    "@aws-cdk/aws-iam" "1.204.0"
    "@aws-cdk/aws-kms" "1.204.0"
    "@aws-cdk/core" "1.204.0"
    constructs "^3.3.69"

"@aws-cdk/aws-ssm@1.204.0":
  version "1.204.0"
  resolved "https://registry.yarnpkg.com/@aws-cdk/aws-ssm/-/aws-ssm-1.204.0.tgz#586e7118c6ee36c20b227de2bd5926e53e37fffc"
  integrity sha512-yYx7HZ8cWNXDAmX/99WkB477QhLoV2rcB8orei8aj7nRkNq5TMjeox0IJaZVgU+edNEDOi1fVX3flh0SAMiUrg==
  dependencies:
    "@aws-cdk/aws-iam" "1.204.0"
    "@aws-cdk/aws-kms" "1.204.0"
    "@aws-cdk/cloud-assembly-schema" "1.204.0"
    "@aws-cdk/core" "1.204.0"
    constructs "^3.3.69"

"@aws-cdk/cloud-assembly-schema@1.204.0":
  version "1.204.0"
  resolved "https://registry.yarnpkg.com/@aws-cdk/cloud-assembly-schema/-/cloud-assembly-schema-1.204.0.tgz#2d9f44ad764b0700b334dd3392c573d06a3f9045"
  integrity sha512-DMNSR4DNKMNNfhOq1UizwZvesOKdhk3R3gRigrvWBHIkHMQg+W6aZFl7WZLKSBkChAXhIsH///psjhDQ20gl1w==
  dependencies:
    jsonschema "^1.4.1"
    semver "^7.3.8"

"@aws-cdk/core@1.204.0":
  version "1.204.0"
  resolved "https://registry.yarnpkg.com/@aws-cdk/core/-/core-1.204.0.tgz#456909d3977cfc89b05a286160e6c8e8f6271fb0"
  integrity sha512-yO/flJ9ihpzRhLTEqlbdbuPGtyyghHiiQPkUTLslwUM5vThVTbpgvW4UQHSGqytyst4MYXrN2jQn2RkwIRU57g==
  dependencies:
    "@aws-cdk/cloud-assembly-schema" "1.204.0"
    "@aws-cdk/cx-api" "1.204.0"
    "@aws-cdk/region-info" "1.204.0"
    "@balena/dockerignore" "^1.0.2"
    constructs "^3.3.69"
    fs-extra "^9.1.0"
    ignore "^5.2.4"
    minimatch "^3.1.2"

"@aws-cdk/custom-resources@1.204.0":
  version "1.204.0"
  resolved "https://registry.yarnpkg.com/@aws-cdk/custom-resources/-/custom-resources-1.204.0.tgz#fd3ed5efdf17d8ea20185eb9101c8183bca18c66"
  integrity sha512-0w3oi7LnAtMZpf7uUBDH6aT2Oo1EBQrqD+VTvPZDX8PJFAox8ol7buZ9sSTpIXgv9j/GK9yaPTIHt4m8ok9kVQ==
  dependencies:
    "@aws-cdk/aws-cloudformation" "1.204.0"
    "@aws-cdk/aws-ec2" "1.204.0"
    "@aws-cdk/aws-iam" "1.204.0"
    "@aws-cdk/aws-lambda" "1.204.0"
    "@aws-cdk/aws-logs" "1.204.0"
    "@aws-cdk/aws-sns" "1.204.0"
    "@aws-cdk/core" "1.204.0"
    constructs "^3.3.69"

"@aws-cdk/cx-api@1.204.0":
  version "1.204.0"
  resolved "https://registry.yarnpkg.com/@aws-cdk/cx-api/-/cx-api-1.204.0.tgz#708b7bc5e9e0df214d74a19d9dcf80ad54188cdf"
  integrity sha512-Juh/jL1kFPD5JcI9Uu6X0mM2L6hBCN5grdjSS40F8dThbH25VPzFBejaKjiy5nP1UZB83X+HW3utYOEi97DqxA==
  dependencies:
    "@aws-cdk/cloud-assembly-schema" "1.204.0"
    semver "^7.3.8"

"@aws-cdk/lambda-layer-awscli@1.204.0":
  version "1.204.0"
  resolved "https://registry.yarnpkg.com/@aws-cdk/lambda-layer-awscli/-/lambda-layer-awscli-1.204.0.tgz#d8ff809761df748fd95e1c88a0ab1eedbc0a91cb"
  integrity sha512-zsZgpkMCNnur1nzbJP5IhBmEPZu1ZbUqruBMDkbpmyF9IQPHoJUa2NwaSYHg6ZZDnuBEZwsJfXckotcQTBktOQ==
  dependencies:
    "@aws-cdk/aws-lambda" "1.204.0"
    "@aws-cdk/core" "1.204.0"
    constructs "^3.3.69"

"@aws-cdk/lambda-layer-kubectl@1.204.0":
  version "1.204.0"
  resolved "https://registry.yarnpkg.com/@aws-cdk/lambda-layer-kubectl/-/lambda-layer-kubectl-1.204.0.tgz#ba9cc956b1b222a1281e3ab29ee2bcf5bc98c922"
  integrity sha512-HTpn7DyX7K90gyk1Kd7XmTBjsGWjr2+N/qv1HVyXclp/PfpKVLJMv8DhqoLfhjoQpdEsOFiWYnChn5zwMd7vjg==
  dependencies:
    "@aws-cdk/aws-lambda" "1.204.0"
    "@aws-cdk/core" "1.204.0"
    constructs "^3.3.69"

"@aws-cdk/lambda-layer-node-proxy-agent@1.204.0":
  version "1.204.0"
  resolved "https://registry.yarnpkg.com/@aws-cdk/lambda-layer-node-proxy-agent/-/lambda-layer-node-proxy-agent-1.204.0.tgz#d59581ea3c30f07d707c5241f56a955e062fdd73"
  integrity sha512-6qUGANpCqQPZk3+7UOoErkcNZSrePcloeB9R70p6FcyAE6bJH7lCkvMNAbsnHp3n8dnWH3fbqYrdxqr47iluTA==
  dependencies:
    "@aws-cdk/aws-lambda" "1.204.0"
    "@aws-cdk/core" "1.204.0"
    constructs "^3.3.69"

"@aws-cdk/region-info@1.204.0":
  version "1.204.0"
  resolved "https://registry.yarnpkg.com/@aws-cdk/region-info/-/region-info-1.204.0.tgz#10f41cd7cd8c851108e386758cc850c6cb25dbf3"
  integrity sha512-lPkYJNoN4Gjlf0Fdfgcd1RTm5RD9qtfaFMwVvTn2KGTr7ZqmFskGQ9FqIcd5vd6GmsbAL8OrFOToLr1AHDuOiQ==

"@balena/dockerignore@^1.0.2":
  version "1.0.2"
  resolved "https://registry.yarnpkg.com/@balena/dockerignore/-/dockerignore-1.0.2.tgz#9ffe4726915251e8eb69f44ef3547e0da2c03e0d"
  integrity sha512-wMue2Sy4GAVTk6Ic4tJVcnfdau+gx2EnG7S+uAEe+TWJFqE4YoWN4/H8MSLj4eYJKxGg26lZwboEniNiNwZQ6Q==

at-least-node@^1.0.0:
  version "1.0.0"
  resolved "https://registry.yarnpkg.com/at-least-node/-/at-least-node-1.0.0.tgz#602cd4b46e844ad4effc92a8011a3c46e0238dc2"
  integrity sha512-+q/t7Ekv1EDY2l6Gda6LLiX14rU9TV20Wa3ofeQmwPFZbOMo9DXrLbOjFaaclkXKWidIaopwAObQDqwWtGUjqg==

aws-cdk@latest:
  version "2.84.0"
  resolved "https://registry.yarnpkg.com/aws-cdk/-/aws-cdk-2.84.0.tgz#59890df8555b0179630af72a131fbf201dc0967b"
  integrity sha512-XypGsMW+H6DLLIPt4zG5KWv1FuUlpS6jqEROxg5maJFFsRaQnMkfgXP/ZT1IELyIWCYAZl6xD1rz7WRS3yMueA==
  optionalDependencies:
    fsevents "2.3.2"

balanced-match@^1.0.0:
  version "1.0.2"
  resolved "https://registry.yarnpkg.com/balanced-match/-/balanced-match-1.0.2.tgz#e83e3a7e3f300b34cb9d87f615fa0cbf357690ee"
  integrity sha512-3oSeUO0TMV67hN1AmbXsK4yaqU7tjiHlbxRDZOpH0KW9+CeX4bRAaX0Anxt0tx2MrpRpWwQaPwIlISEJhYU5Pw==

brace-expansion@^1.1.7:
  version "1.1.11"
  resolved "https://registry.yarnpkg.com/brace-expansion/-/brace-expansion-1.1.11.tgz#3c7fcbf529d87226f3d2f52b966ff5271eb441dd"
  integrity sha512-iCuPHDFgrHX7H2vEI/5xpz07zSHB00TpugqhmYtVmMO6518mCuRMoOYFldEBl0g187ufozdaHgWKcYFb61qGiA==
  dependencies:
    balanced-match "^1.0.0"
    concat-map "0.0.1"

concat-map@0.0.1:
  version "0.0.1"
  resolved "https://registry.yarnpkg.com/concat-map/-/concat-map-0.0.1.tgz#d8a96bd77fd68df7793a73036a3ba0d5405d477b"
  integrity sha1-2Klr13/Wjfd5OnMDajug1UBdR3s=

constructs@^3.3.69:
  version "3.3.156"
  resolved "https://registry.yarnpkg.com/constructs/-/constructs-3.3.156.tgz#9fc0a2e9806d3f4d3be18af03cd3c2cab3db97e8"
  integrity sha512-rlgYsGqXLi3tMSVz251MvzFjXXBCrGPy/8pIfjeh2fuBjPsvIx9I6AMNHnlhEVaEt7YRPHHuYKoVs1488ifAWA==

esbuild-android-arm64@0.13.8:
  version "0.13.8"
  resolved "https://registry.yarnpkg.com/esbuild-android-arm64/-/esbuild-android-arm64-0.13.8.tgz#c20e875c3c98164b1ffba9b28637bdf96f5e9e7c"
  integrity sha512-AilbChndywpk7CdKkNSZ9klxl+9MboLctXd9LwLo3b0dawmOF/i/t2U5d8LM6SbT1Xw36F8yngSUPrd8yPs2RA==

esbuild-darwin-64@0.13.8:
  version "0.13.8"
  resolved "https://registry.yarnpkg.com/esbuild-darwin-64/-/esbuild-darwin-64-0.13.8.tgz#f46e6b471ddbf62265234808a6a1aa91df18a417"
  integrity sha512-b6sdiT84zV5LVaoF+UoMVGJzR/iE2vNUfUDfFQGrm4LBwM/PWXweKpuu6RD9mcyCq18cLxkP6w/LD/w9DtX3ng==

esbuild-darwin-arm64@0.13.8:
  version "0.13.8"
  resolved "https://registry.yarnpkg.com/esbuild-darwin-arm64/-/esbuild-darwin-arm64-0.13.8.tgz#a991157a6013facd4f2e14159b7da52626c90154"
  integrity sha512-R8YuPiiJayuJJRUBG4H0VwkEKo6AvhJs2m7Tl0JaIer3u1FHHXwGhMxjJDmK+kXwTFPriSysPvcobXC/UrrZCQ==

esbuild-freebsd-64@0.13.8:
  version "0.13.8"
  resolved "https://registry.yarnpkg.com/esbuild-freebsd-64/-/esbuild-freebsd-64-0.13.8.tgz#301601d2e443ad458960e359b402a17d9500be9d"
  integrity sha512-zBn6urrn8FnKC+YSgDxdof9jhPCeU8kR/qaamlV4gI8R3KUaUK162WYM7UyFVAlj9N0MyD3AtB+hltzu4cysTw==

esbuild-freebsd-arm64@0.13.8:
  version "0.13.8"
  resolved "https://registry.yarnpkg.com/esbuild-freebsd-arm64/-/esbuild-freebsd-arm64-0.13.8.tgz#039a63acc12ec0892006c147ea221e55f9125a9f"
  integrity sha512-pWW2slN7lGlkx0MOEBoUGwRX5UgSCLq3dy2c8RIOpiHtA87xAUpDBvZK10MykbT+aMfXc0NI2lu1X+6kI34xng==

esbuild-linux-32@0.13.8:
  version "0.13.8"
  resolved "https://registry.yarnpkg.com/esbuild-linux-32/-/esbuild-linux-32-0.13.8.tgz#c537b67d7e694b60bfa2786581412838c6ba0284"
  integrity sha512-T0I0ueeKVO/Is0CAeSEOG9s2jeNNb8jrrMwG9QBIm3UU18MRB60ERgkS2uV3fZ1vP2F8i3Z2e3Zju4lg9dhVmw==

esbuild-linux-64@0.13.8:
  version "0.13.8"
  resolved "https://registry.yarnpkg.com/esbuild-linux-64/-/esbuild-linux-64-0.13.8.tgz#0092fc8a064001a777bfa0e3b425bb8be8f96e6a"
  integrity sha512-Bm8SYmFtvfDCIu9sjKppFXzRXn2BVpuCinU1ChTuMtdKI/7aPpXIrkqBNOgPTOQO9AylJJc1Zw6EvtKORhn64w==

esbuild-linux-arm64@0.13.8:
  version "0.13.8"
  resolved "https://registry.yarnpkg.com/esbuild-linux-arm64/-/esbuild-linux-arm64-0.13.8.tgz#5cd3f2bb924212971482e8dbc25c4afd09b28110"
  integrity sha512-X4pWZ+SL+FJ09chWFgRNO3F+YtvAQRcWh0uxKqZSWKiWodAB20flsW/OWFYLXBKiVCTeoGMvENZS/GeVac7+tQ==

esbuild-linux-arm@0.13.8:
  version "0.13.8"
  resolved "https://registry.yarnpkg.com/esbuild-linux-arm/-/esbuild-linux-arm-0.13.8.tgz#ad634f96bf2975536907aeb9fdb75a3194f4ddce"
  integrity sha512-4/HfcC40LJ4GPyboHA+db0jpFarTB628D1ifU+/5bunIgY+t6mHkJWyxWxAAE8wl/ZIuRYB9RJFdYpu1AXGPdg==

esbuild-linux-mips64le@0.13.8:
  version "0.13.8"
  resolved "https://registry.yarnpkg.com/esbuild-linux-mips64le/-/esbuild-linux-mips64le-0.13.8.tgz#57857edfebf9bf65766dc8be1637f2179c990572"
  integrity sha512-o7e0D+sqHKT31v+mwFircJFjwSKVd2nbkHEn4l9xQ1hLR+Bv8rnt3HqlblY3+sBdlrOTGSwz0ReROlKUMJyldA==

esbuild-linux-ppc64le@0.13.8:
  version "0.13.8"
  resolved "https://registry.yarnpkg.com/esbuild-linux-ppc64le/-/esbuild-linux-ppc64le-0.13.8.tgz#fdb82a059a5b86bb10fb42091b4ebcf488b9cd46"
  integrity sha512-eZSQ0ERsWkukJp2px/UWJHVNuy0lMoz/HZcRWAbB6reoaBw7S9vMzYNUnflfL3XA6WDs+dZn3ekHE4Y2uWLGig==

esbuild-netbsd-64@0.13.8:
  version "0.13.8"
  resolved "https://registry.yarnpkg.com/esbuild-netbsd-64/-/esbuild-netbsd-64-0.13.8.tgz#d7879e7123d3b2c04754ece8bd061aa6866deeff"
  integrity sha512-gZX4kP7gVvOrvX0ZwgHmbuHczQUwqYppxqtoyC7VNd80t5nBHOFXVhWo2Ad/Lms0E8b+wwgI/WjZFTCpUHOg9Q==

esbuild-openbsd-64@0.13.8:
  version "0.13.8"
  resolved "https://registry.yarnpkg.com/esbuild-openbsd-64/-/esbuild-openbsd-64-0.13.8.tgz#88b280b6cb0a3f6adb60abf27fc506c506a35cf0"
  integrity sha512-afzza308X4WmcebexbTzAgfEWt9MUkdTvwIa8xOu4CM2qGbl2LanqEl8/LUs8jh6Gqw6WsicEK52GPrS9wvkcw==

esbuild-sunos-64@0.13.8:
  version "0.13.8"
  resolved "https://registry.yarnpkg.com/esbuild-sunos-64/-/esbuild-sunos-64-0.13.8.tgz#229ae7c7703196a58acd0f0291ad9bebda815d63"
  integrity sha512-mWPZibmBbuMKD+LDN23LGcOZ2EawMYBONMXXHmbuxeT0XxCNwadbCVwUQ/2p5Dp5Kvf6mhrlIffcnWOiCBpiVw==

esbuild-windows-32@0.13.8:
  version "0.13.8"
  resolved "https://registry.yarnpkg.com/esbuild-windows-32/-/esbuild-windows-32-0.13.8.tgz#892d093e32a21c0c9135e5a0ffdc380aeb70e763"
  integrity sha512-QsZ1HnWIcnIEApETZWw8HlOhDSWqdZX2SylU7IzGxOYyVcX7QI06ety/aDcn437mwyO7Ph4RrbhB+2ntM8kX8A==

esbuild-windows-64@0.13.8:
  version "0.13.8"
  resolved "https://registry.yarnpkg.com/esbuild-windows-64/-/esbuild-windows-64-0.13.8.tgz#7defd8d79ae3bb7e6f53b65a7190be7daf901686"
  integrity sha512-76Fb57B9eE/JmJi1QmUW0tRLQZfGo0it+JeYoCDTSlbTn7LV44ecOHIMJSSgZADUtRMWT9z0Kz186bnaB3amSg==

esbuild-windows-arm64@0.13.8:
  version "0.13.8"
  resolved "https://registry.yarnpkg.com/esbuild-windows-arm64/-/esbuild-windows-arm64-0.13.8.tgz#e59ae004496fd8a5ab67bfc7945a2e47480d6fb9"
  integrity sha512-HW6Mtq5eTudllxY2YgT62MrVcn7oq2o8TAoAvDUhyiEmRmDY8tPwAhb1vxw5/cdkbukM3KdMYtksnUhF/ekWeg==

esbuild@^0.13.8:
  version "0.13.8"
  resolved "https://registry.yarnpkg.com/esbuild/-/esbuild-0.13.8.tgz#bd7cc51b881ab067789f88e17baca74724c1ec4f"
  integrity sha512-A4af7G7YZLfG5OnARJRMtlpEsCkq/zHZQXewgPA864l9D6VjjbH1SuFYK/OSV6BtHwDGkdwyRrX0qQFLnMfUcw==
  optionalDependencies:
    esbuild-android-arm64 "0.13.8"
    esbuild-darwin-64 "0.13.8"
    esbuild-darwin-arm64 "0.13.8"
    esbuild-freebsd-64 "0.13.8"
    esbuild-freebsd-arm64 "0.13.8"
    esbuild-linux-32 "0.13.8"
    esbuild-linux-64 "0.13.8"
    esbuild-linux-arm "0.13.8"
    esbuild-linux-arm64 "0.13.8"
    esbuild-linux-mips64le "0.13.8"
    esbuild-linux-ppc64le "0.13.8"
    esbuild-netbsd-64 "0.13.8"
    esbuild-openbsd-64 "0.13.8"
    esbuild-sunos-64 "0.13.8"
    esbuild-windows-32 "0.13.8"
    esbuild-windows-64 "0.13.8"
    esbuild-windows-arm64 "0.13.8"

fs-extra@^9.1.0:
  version "9.1.0"
  resolved "https://registry.yarnpkg.com/fs-extra/-/fs-extra-9.1.0.tgz#5954460c764a8da2094ba3554bf839e6b9a7c86d"
  integrity sha512-hcg3ZmepS30/7BSFqRvoo3DOMQu7IjqxO5nCDt+zM9XWjb33Wg7ziNT+Qvqbuc3+gWpzO02JubVyk2G4Zvo1OQ==
  dependencies:
    at-least-node "^1.0.0"
    graceful-fs "^4.2.0"
    jsonfile "^6.0.1"
    universalify "^2.0.0"

fs.realpath@^1.0.0:
  version "1.0.0"
  resolved "https://registry.yarnpkg.com/fs.realpath/-/fs.realpath-1.0.0.tgz#1504ad2523158caa40db4a2787cb01411994ea4f"
  integrity sha1-FQStJSMVjKpA20onh8sBQRmU6k8=

fsevents@2.3.2:
  version "2.3.2"
  resolved "https://registry.yarnpkg.com/fsevents/-/fsevents-2.3.2.tgz#8a526f78b8fdf4623b709e0b975c52c24c02fd1a"
  integrity sha512-xiqMQR4xAeHTuB9uWm+fFRcIOgKBMiOBP+eXiyT7jsgVCq1bkVygt00oASowB7EdtpOHaaPgKt812P9ab+DDKA==

glob@^7.1.3:
  version "7.2.0"
  resolved "https://registry.yarnpkg.com/glob/-/glob-7.2.0.tgz#d15535af7732e02e948f4c41628bd910293f6023"
  integrity sha512-lmLf6gtyrPq8tTjSmrO94wBeQbFR3HbLHbuyD69wuyQkImp2hWqMGB47OX65FBkPffO641IP9jWa1z4ivqG26Q==
  dependencies:
    fs.realpath "^1.0.0"
    inflight "^1.0.4"
    inherits "2"
    minimatch "^3.0.4"
    once "^1.3.0"
    path-is-absolute "^1.0.0"

graceful-fs@^4.1.6, graceful-fs@^4.2.0:
  version "4.2.8"
  resolved "https://registry.yarnpkg.com/graceful-fs/-/graceful-fs-4.2.8.tgz#e412b8d33f5e006593cbd3cee6df9f2cebbe802a"
  integrity sha512-qkIilPUYcNhJpd33n0GBXTB1MMPp14TxEsEs0pTrsSVucApsYzW5V+Q8Qxhik6KU3evy+qkAAowTByymK0avdg==

ignore@^5.2.4:
  version "5.2.4"
  resolved "https://registry.yarnpkg.com/ignore/-/ignore-5.2.4.tgz#a291c0c6178ff1b960befe47fcdec301674a6324"
  integrity sha512-MAb38BcSbH0eHNBxn7ql2NH/kX33OkB3lZ1BNdh7ENeRChHTYsTvWrMubiIAMNS2llXEEgZ1MUOBtXChP3kaFQ==

inflight@^1.0.4:
  version "1.0.6"
  resolved "https://registry.yarnpkg.com/inflight/-/inflight-1.0.6.tgz#49bd6331d7d02d0c09bc910a1075ba8165b56df9"
  integrity sha1-Sb1jMdfQLQwJvJEKEHW6gWW1bfk=
  dependencies:
    once "^1.3.0"
    wrappy "1"

inherits@2:
  version "2.0.4"
  resolved "https://registry.yarnpkg.com/inherits/-/inherits-2.0.4.tgz#0fa2c64f932917c3433a0ded55363aae37416b7c"
  integrity sha512-k/vGaX4/Yla3WzyMCvTQOXYeIHvqOKtnqBduzTHpzpQZzAskKMhZ2K+EnBiSM9zGSoIFeMpXKxa4dYeZIQqewQ==

jsonfile@^6.0.1:
  version "6.1.0"
  resolved "https://registry.yarnpkg.com/jsonfile/-/jsonfile-6.1.0.tgz#bc55b2634793c679ec6403094eb13698a6ec0aae"
  integrity sha512-5dgndWOriYSm5cnYaJNhalLNDKOqFwyDB/rr1E9ZsGciGvKPs8R2xYGCacuf3z6K1YKDz182fd+fY3cn3pMqXQ==
  dependencies:
    universalify "^2.0.0"
  optionalDependencies:
    graceful-fs "^4.1.6"

jsonschema@^1.4.1:
  version "1.4.1"
  resolved "https://registry.yarnpkg.com/jsonschema/-/jsonschema-1.4.1.tgz#cc4c3f0077fb4542982973d8a083b6b34f482dab"
  integrity sha512-S6cATIPVv1z0IlxdN+zUk5EPjkGCdnhN4wVSBlvoUO1tOLJootbo9CquNJmbIh4yikWHiUedhRYrNPn1arpEmQ==

lru-cache@^6.0.0:
  version "6.0.0"
  resolved "https://registry.yarnpkg.com/lru-cache/-/lru-cache-6.0.0.tgz#6d6fe6570ebd96aaf90fcad1dafa3b2566db3a94"
  integrity sha512-Jo6dJ04CmSjuznwJSS3pUeWmd/H0ffTlkXXgwZi+eq1UCmqQwCh+eLsYOYCwY991i2Fah4h1BEMCx4qThGbsiA==
  dependencies:
    yallist "^4.0.0"

minimatch@^3.0.4:
  version "3.0.4"
  resolved "https://registry.yarnpkg.com/minimatch/-/minimatch-3.0.4.tgz#5166e286457f03306064be5497e8dbb0c3d32083"
  integrity sha512-yJHVQEhyqPLUTgt9B83PXu6W3rx4MvvHvSUvToogpwoGDOUQ+yDrR0HRot+yOCdCO7u4hX3pWft6kWBBcqh0UA==
  dependencies:
    brace-expansion "^1.1.7"

minimatch@^3.1.2:
  version "3.1.2"
  resolved "https://registry.yarnpkg.com/minimatch/-/minimatch-3.1.2.tgz#19cd194bfd3e428f049a70817c038d89ab4be35b"
  integrity sha512-J7p63hRiAjw1NDEww1W7i37+ByIrOWO5XQQAzZ3VOcL0PNybwpfmV/N05zFAzwQ9USyEcX6t3UO+K5aqBQOIHw==
  dependencies:
    brace-expansion "^1.1.7"

once@^1.3.0:
  version "1.4.0"
  resolved "https://registry.yarnpkg.com/once/-/once-1.4.0.tgz#583b1aa775961d4b113ac17d9c50baef9dd76bd1"
  integrity sha1-WDsap3WWHUsROsF9nFC6753Xa9E=
  dependencies:
    wrappy "1"

path-is-absolute@^1.0.0:
  version "1.0.1"
  resolved "https://registry.yarnpkg.com/path-is-absolute/-/path-is-absolute-1.0.1.tgz#174b9268735534ffbc7ace6bf53a5a9e1b5c5f5f"
  integrity sha1-F0uSaHNVNP+8es5r9TpanhtcX18=

rimraf@^3.0.2:
  version "3.0.2"
  resolved "https://registry.yarnpkg.com/rimraf/-/rimraf-3.0.2.tgz#f1a5402ba6220ad52cc1282bac1ae3aa49fd061a"
  integrity sha512-JZkJMZkAGFFPP2YqXZXPbMlMBgsxzE8ILs4lMIX/2o0L9UBw9O/Y3o6wFw/i9YLapcUJWwqbi3kdxIPdC62TIA==
  dependencies:
    glob "^7.1.3"

semver@^7.3.8:
  version "7.5.2"
  resolved "https://registry.yarnpkg.com/semver/-/semver-7.5.2.tgz#5b851e66d1be07c1cdaf37dfc856f543325a2beb"
  integrity sha512-SoftuTROv/cRjCze/scjGyiDtcUyxw1rgYQSZY7XTmtR5hX+dm76iDbTH8TkLPHCQmlbQVSSbNZCPM2hb0knnQ==
  dependencies:
    lru-cache "^6.0.0"

typescript@~3.9.10:
  version "3.9.10"
  resolved "https://registry.yarnpkg.com/typescript/-/typescript-3.9.10.tgz#70f3910ac7a51ed6bef79da7800690b19bf778b8"
  integrity sha512-w6fIxVE/H1PkLKcCPsFqKE7Kv7QUwhU8qQY2MueZXWx5cPZdwFupLgKK3vntcK98BtNHZtAF4LA/yl2a7k8R6Q==

universalify@^2.0.0:
  version "2.0.0"
  resolved "https://registry.yarnpkg.com/universalify/-/universalify-2.0.0.tgz#75a4984efedc4b08975c5aeb73f530d02df25717"
  integrity sha512-hAZsKq7Yy11Zu1DE0OzWjw7nnLZmJZYTDZZyEFHZdUhV8FkH5MCfoU1XMaxXovpyW5nq5scPqq0ZDP9Zyl04oQ==

wrappy@1:
  version "1.0.2"
  resolved "https://registry.yarnpkg.com/wrappy/-/wrappy-1.0.2.tgz#b5243d8f3ec1aa35f1364605bc0d1036e30ab69f"
  integrity sha1-tSQ9jz7BqjXxNkYFvA0QNuMKtp8=

yallist@^4.0.0:
  version "4.0.0"
  resolved "https://registry.yarnpkg.com/yallist/-/yallist-4.0.0.tgz#9bb92790d9c0effec63be73519e11a35019a3a72"
  integrity sha512-3wdGidZyq5PB084XLES5TpOSRA3wjXAlIWMhum2kRcv/41Sn2emQ0dycQW4uZXLejwKvg6EsvbdlVL+FYEct7A==

yaml@1.10.2:
  version "1.10.2"
  resolved "https://registry.yarnpkg.com/yaml/-/yaml-1.10.2.tgz#2301c5ffbf12b467de8da2333a459e29e7920e4b"
  integrity sha512-r3vXyErRCYJ7wg28yvBY5VSoAF8ZvlcW9/BwUzEtUsjvX/DKs24dIkuwjtuprwJJHsbyUbLApepYTR1BN4uHrg==
